// !$*UTF8*$!
{
	archiveVersion = 1;
	classes = {
	};
	objectVersion = 77;
	objects = {

/* Begin PBXBuildFile section */
		0252A189382C473B6FAD70AB /* DebugLog.swift in Sources */ = {isa = PBXBuildFile; fileRef = BE6CC08F1371815B8ECC08D6 /* DebugLog.swift */; };
		04589F2E27E1B78CBA422EB1 /* WordReadingTests.swift in Sources */ = {isa = PBXBuildFile; fileRef = A539EED2B566EDCDB04C0CCE /* WordReadingTests.swift */; };
		086460104B68BB3C819E3FED /* HomeCollapsibleSection.swift in Sources */ = {isa = PBXBuildFile; fileRef = 7A21CCF1F7089541B6DC60FF /* HomeCollapsibleSection.swift */; };
		09E0EF3810160A5F1BD81E81 /* MagicCallLiveCallerLookup.appex in Embed Foundation Extensions */ = {isa = PBXBuildFile; fileRef = A5742EFB2E2186ABC66755D3 /* MagicCallLiveCallerLookup.appex */; settings = {ATTRIBUTES = (RemoveHeadersOnCopy, ); }; };
		0B7939F9A17DDF66D8FA6ED4 /* CardInputPanel.swift in Sources */ = {isa = PBXBuildFile; fileRef = C10F1FAFEC4327EF1C05B2D5 /* CardInputPanel.swift */; };
		0C13519901D4C9A57CFA2E01 /* SpectatorWordContactService.swift in Sources */ = {isa = PBXBuildFile; fileRef = F65132DC6AAC18668D41A807 /* SpectatorWordContactService.swift */; };
		0C7DD1810B8A32E53E19A6EF /* AiVoiceInputPanel.swift in Sources */ = {isa = PBXBuildFile; fileRef = B521B3A9CDF1292800B9E81D /* AiVoiceInputPanel.swift */; };
		E7FB5B1DF1294B279AF4C757 /* CardHandwritingPicker.swift in Sources */ = {isa = PBXBuildFile; fileRef = C50AE28CFE344C389AD52947 /* CardHandwritingPicker.swift */; };
		F85E0A4A1BC6426988498813 /* CardImageEncoder.swift in Sources */ = {isa = PBXBuildFile; fileRef = 0C9C8C3312524B0985087781 /* CardImageEncoder.swift */; };
		0DC2CA0FAB3EE106008ED273 /* CardOCRProcessor.swift in Sources */ = {isa = PBXBuildFile; fileRef = 9F359F96C587AA8BC184B11A /* CardOCRProcessor.swift */; };
		0FC1EC7B4985F1F6545DE135 /* RingtoneAudioEngine.swift in Sources */ = {isa = PBXBuildFile; fileRef = 8CCF4B2A04391ED446729DA8 /* RingtoneAudioEngine.swift */; };
		0FE67C1D8EAF1D7628E95531 /* PerformanceCues.swift in Sources */ = {isa = PBXBuildFile; fileRef = 3B11F0512B02E2D4ABFE71B4 /* PerformanceCues.swift */; };
		1050B2B05B2960E836279D3F /* VoiceListenPlan.swift in Sources */ = {isa = PBXBuildFile; fileRef = AB6238274795CDF8F6168324 /* VoiceListenPlan.swift */; };
		128B2FC902A3063C29DBBCAB /* SongPicker.swift in Sources */ = {isa = PBXBuildFile; fileRef = 97FA30F7FC2CD5EE14D65A2F /* SongPicker.swift */; };
		1382BAB7BC9D069605252703 /* SilentShortcut.swift in Sources */ = {isa = PBXBuildFile; fileRef = 266C454CF85DCC717E5765F6 /* SilentShortcut.swift */; };
		15BFEC09D92D308DEF7D9A54 /* OracleTheme.swift in Sources */ = {isa = PBXBuildFile; fileRef = 260CB39E9363322425A78261 /* OracleTheme.swift */; };
		19FF538245C7E267A53BE4E2 /* CallDirectorySync.swift in Sources */ = {isa = PBXBuildFile; fileRef = E67C120E02A9B4EB6176A78B /* CallDirectorySync.swift */; };
		1A496C1D95A030425C92AF6B /* Assets.xcassets in Resources */ = {isa = PBXBuildFile; fileRef = B6949E0964299D0E2E8531C7 /* Assets.xcassets */; };
		20ACC5FFA594DEB4E92EAC0B /* CardCaptureService.swift in Sources */ = {isa = PBXBuildFile; fileRef = 2B18EC83ADCF3B62E44CB7E5 /* CardCaptureService.swift */; };
		232F0E4CF4F90CFD03D0F2CB /* MicCapture.swift in Sources */ = {isa = PBXBuildFile; fileRef = 66A36339EA50D410DA83A649 /* MicCapture.swift */; };
		342DABB09E7C4CAAB2AE4B2F /* NotesContactCallDetailPreview.swift in Sources */ = {isa = PBXBuildFile; fileRef = 13582596BEA54FA8BE854C12 /* NotesContactCallDetailPreview.swift */; };
		242C6F29DEE6403FB8F2C94D /* NotesContactHomeCard.swift in Sources */ = {isa = PBXBuildFile; fileRef = EE811A2D141570F6DE6CD107 /* NotesContactHomeCard.swift */; };
		24E7F1F82A624CBD51EE706F /* SpectatorWordPicker.swift in Sources */ = {isa = PBXBuildFile; fileRef = F3B9638F6383C01B28002D3C /* SpectatorWordPicker.swift */; };
		256D9EDE07BBB6F76804461F /* NotesSongSession.swift in Sources */ = {isa = PBXBuildFile; fileRef = A8A0F19A8FF481F9116B87B9 /* NotesSongSession.swift */; };
		2759F7EDE468921282C2E330 /* AppModel.swift in Sources */ = {isa = PBXBuildFile; fileRef = F3F8C86B2AFD6FC77DA467D2 /* AppModel.swift */; };
		2826965C4287D1C90DFB1C1C /* SilentShortcutStatusRow.swift in Sources */ = {isa = PBXBuildFile; fileRef = 038495DF0F13C324D46A2120 /* SilentShortcutStatusRow.swift */; };
		28EF8E3DABC00662B6E354FE /* PerformLogReporter.swift in Sources */ = {isa = PBXBuildFile; fileRef = 1632E6A6608418A102AFC4CF /* PerformLogReporter.swift */; };
		290C81AF65DA4D457A2ED9D6 /* NotesContactConnectionView.swift in Sources */ = {isa = PBXBuildFile; fileRef = F1E1FD9BD793A8EA7B167E69 /* NotesContactConnectionView.swift */; };
		2CFC38C7A63678D43141D4BC /* CardSongSession.swift in Sources */ = {isa = PBXBuildFile; fileRef = CDBF167EB2FC9F9FEC46A0C9 /* CardSongSession.swift */; };
		2E7126CCE44C14489C54AA8E /* MagicCallApp.swift in Sources */ = {isa = PBXBuildFile; fileRef = 5A5F46051981A4C204711045 /* MagicCallApp.swift */; };
		30CF1BD0AF300884CF55328D /* RingtoneSharePresenter.swift in Sources */ = {isa = PBXBuildFile; fileRef = 041A68340E90792EDFC50A97 /* RingtoneSharePresenter.swift */; };
		30E24F3095BA52459B3334A9 /* NotesContactWordInputPanel.swift in Sources */ = {isa = PBXBuildFile; fileRef = 7D8577CB607F1A6119083309 /* NotesContactWordInputPanel.swift */; };
		31BFA5A3B42AD87279A73D6D /* HeroLogoView.swift in Sources */ = {isa = PBXBuildFile; fileRef = A2A7D6817DA44304F1D5ABC6 /* HeroLogoView.swift */; };
		331E9430747CFF4456798229 /* CallerLabelStore.swift in Sources */ = {isa = PBXBuildFile; fileRef = 90D564C26BAEEF26A1D77ABA /* CallerLabelStore.swift */; };
		341773BE1B166A79B044AC49 /* PerformHowItWorks.swift in Sources */ = {isa = PBXBuildFile; fileRef = 84A47F6CA835B6E782CEAD62 /* PerformHowItWorks.swift */; };
		341A95B0EDC930CAD60D55A2 /* PerformBottomBar.swift in Sources */ = {isa = PBXBuildFile; fileRef = 3A984AAEBBF8F40F180BC188 /* PerformBottomBar.swift */; };
		366F6FD0B991972DAC7235D1 /* PerformUserLog.swift in Sources */ = {isa = PBXBuildFile; fileRef = 2B07C8F1B15CD02BBB997F7E /* PerformUserLog.swift */; };
		3990F1E3960F46E9739453B2 /* AppModel+Voice.swift in Sources */ = {isa = PBXBuildFile; fileRef = 7CB5BDB6A1DCECFBD46E5FC1 /* AppModel+Voice.swift */; };
		3BCE337D4E4DDFFA5142F61D /* NotesContactWordSettings.swift in Sources */ = {isa = PBXBuildFile; fileRef = E263FE4707E78890CA7FB0F2 /* NotesContactWordSettings.swift */; };
		424BC87CA51E4E2654D834A4 /* UnifiedPerformanceModeCard.swift in Sources */ = {isa = PBXBuildFile; fileRef = FAACCE0625539DCCCDBB141A /* UnifiedPerformanceModeCard.swift */; };
		42C8AEF7433386023083BFCE /* CardOCRLayout.swift in Sources */ = {isa = PBXBuildFile; fileRef = DE8E82BCFD38058C2E0B516B /* CardOCRLayout.swift */; };
		45B9F626BAE2A5701A001DC2 /* LiveTranscribers.swift in Sources */ = {isa = PBXBuildFile; fileRef = 9FA2CF6BD397B91ACAF84FAD /* LiveTranscribers.swift */; };
		45BCB91576B14E5B65D453E0 /* PerformUserLogCard.swift in Sources */ = {isa = PBXBuildFile; fileRef = 270DC6372BA38BD591C5EEC2 /* PerformUserLogCard.swift */; };
		4C3EAD437CDD61E9E5E6DFE6 /* SystemVolume.swift in Sources */ = {isa = PBXBuildFile; fileRef = 81ED684AAD9C91EABD24A1D3 /* SystemVolume.swift */; };
		4D745440E4E871C0E45D380E /* RingtoneDisguiseView.swift in Sources */ = {isa = PBXBuildFile; fileRef = B61D2102F758F8505B68544E /* RingtoneDisguiseView.swift */; };
		567203094B7B7CBAD29085F7 /* SongLibraryStore.swift in Sources */ = {isa = PBXBuildFile; fileRef = 47F714394D355E859CF8CEAB /* SongLibraryStore.swift */; };
		5F744D7B2556CEE6C1CC4C40 /* LiveCallerLookupExtension.swift in Sources */ = {isa = PBXBuildFile; fileRef = 189566531AAF0DCDD2A3573A /* LiveCallerLookupExtension.swift */; };
		60358E4481DA131134CE881A /* ApiSettings.swift in Sources */ = {isa = PBXBuildFile; fileRef = 1B91AE661642AE376E1DD474 /* ApiSettings.swift */; };
		6596E020FE59EF9229BBD51F /* NotesContactWordSession.swift in Sources */ = {isa = PBXBuildFile; fileRef = ECBAC1F2474CCF158CF15B87 /* NotesContactWordSession.swift */; };
		66615CC09AC450AAA511552A /* ImportedAudioStore.swift in Sources */ = {isa = PBXBuildFile; fileRef = D220719203424E371638A6F3 /* ImportedAudioStore.swift */; };
		68D2DE031EF71CE179683150 /* MagicCallCallDirectory.appex in Embed Foundation Extensions */ = {isa = PBXBuildFile; fileRef = 060AED873F0873D463D46F14 /* MagicCallCallDirectory.appex */; settings = {ATTRIBUTES = (RemoveHeadersOnCopy, ); }; };
		69DA22C1783D98829F2DCE7B /* LoadedSongReadyRow.swift in Sources */ = {isa = PBXBuildFile; fileRef = 088157D88358BCAC626D0D35 /* LoadedSongReadyRow.swift */; };
		6BBF2CA1A5DFE664162ECDBC /* FakePostCallVolumeGate.swift in Sources */ = {isa = PBXBuildFile; fileRef = 629C718913AEAE450BD6796A /* FakePostCallVolumeGate.swift */; };
		6CC083753E4B6548FDB19A70 /* RecentPerformSnapshot.swift in Sources */ = {isa = PBXBuildFile; fileRef = 270405B2C76043701C1E008B /* RecentPerformSnapshot.swift */; };
		6CE7420A8F1FE10C6CBAC293 /* PerformanceGuideSheet.swift in Sources */ = {isa = PBXBuildFile; fileRef = 0B504CB2C03963CF7CE9CB8A /* PerformanceGuideSheet.swift */; };
		6D186875F006FE6842FAE093 /* ApiSongSession.swift in Sources */ = {isa = PBXBuildFile; fileRef = 157F18B545F0BC6C204DB511 /* ApiSongSession.swift */; };
		6DE487B3B435779601483AE7 /* WordApiContactPerformGate.swift in Sources */ = {isa = PBXBuildFile; fileRef = 16A81086CD9A3F5AC0BE592E /* WordApiContactPerformGate.swift */; };
		75092964F794A1AF322ABF44 /* OracleSheets.swift in Sources */ = {isa = PBXBuildFile; fileRef = 44F8F3AAB4CE4D47C84E6771 /* OracleSheets.swift */; };
		79A6D11314BCCBFFEEE06502 /* WordApiContactViews.swift in Sources */ = {isa = PBXBuildFile; fileRef = 9DF757E75BDC637EE99AFAEE /* WordApiContactViews.swift */; };
		7BA36D68D4A7708928889CA2 /* SongInputStrip.swift in Sources */ = {isa = PBXBuildFile; fileRef = FAF6D9D7CFB92C263EEB4BA9 /* SongInputStrip.swift */; };
		8BC10BB4807461B2F102F8FA /* ApiSettingsView.swift in Sources */ = {isa = PBXBuildFile; fileRef = C30B3D15953FEAA8EA8E7828 /* ApiSettingsView.swift */; };
		8C4101AD9A1105D40C87AAAA /* CardLineParser.swift in Sources */ = {isa = PBXBuildFile; fileRef = 223FF801202E5B7C647700E7 /* CardLineParser.swift */; };
		8D205906D0C59112990ED155 /* CardSettings.swift in Sources */ = {isa = PBXBuildFile; fileRef = EC77119D4608465FEFC34B61 /* CardSettings.swift */; };
		8EE3FDC0948FC9B790A9AACA /* WordApiSession.swift in Sources */ = {isa = PBXBuildFile; fileRef = 7BDF1EA0492BCF11335526EC /* WordApiSession.swift */; };
		924BA1D7520A74BEAA0986A7 /* MCObjC.m in Sources */ = {isa = PBXBuildFile; fileRef = 778066FED077319EC23EDCEE /* MCObjC.m */; };
		9859991404C830797C7B4062 /* SilentShortcutCard.swift in Sources */ = {isa = PBXBuildFile; fileRef = 6CD42726122139D6130AD4F8 /* SilentShortcutCard.swift */; };
		9978DE3738110CE3E511178A /* VoiceLockingControls.swift in Sources */ = {isa = PBXBuildFile; fileRef = F235D4C3F14AB89CF4409734 /* VoiceLockingControls.swift */; };
		9990A04F2EB44210E992A302 /* NotesInputControls.swift in Sources */ = {isa = PBXBuildFile; fileRef = A5E5E3E1B9AA9AAC9611103D /* NotesInputControls.swift */; };
		99C1146710877380EBC55FD9 /* CallMonitor.swift in Sources */ = {isa = PBXBuildFile; fileRef = 303BA173088357A9233FE003 /* CallMonitor.swift */; };
		9BC788D2F180C967FBFF14AB /* MagicIntents.swift in Sources */ = {isa = PBXBuildFile; fileRef = E48131BF78F88DFF0CB3E192 /* MagicIntents.swift */; };
		9CAF4275C647D0F5AA7516BE /* WordApiInputPanel.swift in Sources */ = {isa = PBXBuildFile; fileRef = 13A6FEAE10776B4BF6C6F04A /* WordApiInputPanel.swift */; };
		A1527BE9FA2E86C4B75BAB86 /* NotesPerformView.swift in Sources */ = {isa = PBXBuildFile; fileRef = B5C269D939BB5F7D004EF20F /* NotesPerformView.swift */; };
		A44853952E079252482E4F83 /* Prefs.swift in Sources */ = {isa = PBXBuildFile; fileRef = DEA922A0D263D3309553D389 /* Prefs.swift */; };
		A4614B1A536192430CFD5A9C /* StageView.swift in Sources */ = {isa = PBXBuildFile; fileRef = 3305BEFC5DE85E1D1E566060 /* StageView.swift */; };
		A83A9558500EF1F623A00951 /* SettingsView.swift in Sources */ = {isa = PBXBuildFile; fileRef = 9F397FA5E183D1BEAD1B8B9A /* SettingsView.swift */; };
		AA896F28F1DE55B5ADD30F50 /* CallerLabelStore.swift in Sources */ = {isa = PBXBuildFile; fileRef = A292077410CF73096E5CD7B8 /* CallerLabelStore.swift */; };
		AB7729E678C83A31F271AA5A /* CallDirectoryHandler.swift in Sources */ = {isa = PBXBuildFile; fileRef = 63692B7B6C9E86B8C5F94B05 /* CallDirectoryHandler.swift */; };
		AD247EA0DE5232DC20B60C86 /* PrivateProbes.swift in Sources */ = {isa = PBXBuildFile; fileRef = E3138D1D5022FAD8B230768B /* PrivateProbes.swift */; };
		B2405E6BF1DE51476D97C69F /* SharePerformFlow.swift in Sources */ = {isa = PBXBuildFile; fileRef = 1DFC03C27AB6139290A4DA80 /* SharePerformFlow.swift */; };
		B4ED244091544ED3F9E5F476 /* RingtoneExporter.swift in Sources */ = {isa = PBXBuildFile; fileRef = 27CA62E6FADC4DE40154C670 /* RingtoneExporter.swift */; };
		BAE78790890F3890D985AE32 /* VoiceSongSession.swift in Sources */ = {isa = PBXBuildFile; fileRef = 876D35E2C35E579667BE51D4 /* VoiceSongSession.swift */; };
		BBFF503A2A2C25749054043F /* SongLibrarySection.swift in Sources */ = {isa = PBXBuildFile; fileRef = 56EDC64AB7D42A6E6DCF202B /* SongLibrarySection.swift */; };
		BC0954735758C2B6B3F42715 /* PerformInstructionsCopy.swift in Sources */ = {isa = PBXBuildFile; fileRef = B0F7B9E94667A4865BD298C1 /* PerformInstructionsCopy.swift */; };
		BC3768587DC85F9AA9C3209B /* NotesSettings.swift in Sources */ = {isa = PBXBuildFile; fileRef = 8CC0BDAA31FC35FD10BE1DC7 /* NotesSettings.swift */; };
		BEC014E4012EE7481D2D4B24 /* PreviewService.swift in Sources */ = {isa = PBXBuildFile; fileRef = 94C29E2CCBFC1086588445F6 /* PreviewService.swift */; };
		C04371F3C53F5F34E65FDDEE /* WordApiCallerBannerPreview.swift in Sources */ = {isa = PBXBuildFile; fileRef = 0837021B0DCC752CFA645B40 /* WordApiCallerBannerPreview.swift */; };
		C34E419E549DB769DE5D3716 /* VoiceOpenAILanguages.swift in Sources */ = {isa = PBXBuildFile; fileRef = BDC4B319DA3C7F0894EA4675 /* VoiceOpenAILanguages.swift */; };
		C4A84B05EE00F8A14BB48FC6 /* DebugLogView.swift in Sources */ = {isa = PBXBuildFile; fileRef = B810F1343436DAAD6202B2E1 /* DebugLogView.swift */; };
		CC20F35DDD0E7784082D0FD7 /* SetupView.swift in Sources */ = {isa = PBXBuildFile; fileRef = 4327EF1CCFA6B6427A4B0D85 /* SetupView.swift */; };
		CCFC4C35ACA812D33DA3DB12 /* LibrarySongSearchBlock.swift in Sources */ = {isa = PBXBuildFile; fileRef = 2A1FF07ACEFA69383ABF652C /* LibrarySongSearchBlock.swift */; };
		CFEA5F4AADB2A23B17F7A0AA /* WordApiSettings.swift in Sources */ = {isa = PBXBuildFile; fileRef = 246424FC8857825942B19C91 /* WordApiSettings.swift */; };
		D02E775CDE9544B43A79D499 /* UIWindow+MagicCall.swift in Sources */ = {isa = PBXBuildFile; fileRef = C5D33B9D6604B6A2334D1E28 /* UIWindow+MagicCall.swift */; };
		D1B227CCC8CB65C89C798C8C /* CardTextMapper.swift in Sources */ = {isa = PBXBuildFile; fileRef = 2EA3CF064D7BB09B92C438B8 /* CardTextMapper.swift */; };
		D62EC45272208FCF763FED85 /* UIIllustrations.swift in Sources */ = {isa = PBXBuildFile; fileRef = A744DA01C5B2EA22A5B55906 /* UIIllustrations.swift */; };
		DB0E5A96FCA973B7D2BCC881 /* WordApiContactShowState.swift in Sources */ = {isa = PBXBuildFile; fileRef = 95741E05D5028025CDBF2012 /* WordApiContactShowState.swift */; };
		E35A7B10CDB728AE2BBC1BAA /* ApiInputPanel.swift in Sources */ = {isa = PBXBuildFile; fileRef = 2AE5A3E186B93A76002301E9 /* ApiInputPanel.swift */; };
		E6AFD06A3F393638BE5731B6 /* PrivacyInfo.xcprivacy in Resources */ = {isa = PBXBuildFile; fileRef = 8A83ABBC42C589B55EA84806 /* PrivacyInfo.xcprivacy */; };
		E88465E0B481CA795AB50C86 /* NotesContactSettings.swift in Sources */ = {isa = PBXBuildFile; fileRef = B22312604EAA954600AED69E /* NotesContactSettings.swift */; };
		F1A3FA0C9C18CB407A3B9F19 /* VoiceOpenAIPreflight.swift in Sources */ = {isa = PBXBuildFile; fileRef = AF4C2F9A27E5FA837BB7116B /* VoiceOpenAIPreflight.swift */; };
		F31464D57BF9700BFD4B2325 /* VoiceSettings.swift in Sources */ = {isa = PBXBuildFile; fileRef = 218281B22EB24031B59074EA /* VoiceSettings.swift */; };
		F33C5A446182609089F4C384 /* VoiceInputCard.swift in Sources */ = {isa = PBXBuildFile; fileRef = 46AF651BC85FB45939959E6E /* VoiceInputCard.swift */; };
		F69B4D4E4E7EAFF205C5D5EE /* WordApiSettingsView.swift in Sources */ = {isa = PBXBuildFile; fileRef = 3706106600373AFBC0DCD995 /* WordApiSettingsView.swift */; };
		F80AF9FD212EA30200E041F5 /* MainShellView.swift in Sources */ = {isa = PBXBuildFile; fileRef = 1281B461D25A6CC77A54696F /* MainShellView.swift */; };
		FBB7FBCA32D55B7577416FB3 /* CardVolumeScanHost.swift in Sources */ = {isa = PBXBuildFile; fileRef = 31F371D4729BE744EF07925E /* CardVolumeScanHost.swift */; };
		FECA2C4469B32D6936668F8A /* AppModel+WordContact.swift in Sources */ = {isa = PBXBuildFile; fileRef = 2520D9C08750800C79413F10 /* AppModel+WordContact.swift */; };
		608D17E57ADD450BAA1DDC61 /* ButtonKeyboard.swift in Sources */ = {isa = PBXBuildFile; fileRef = 4CF67B21343D4FF986F93AD9 /* ButtonKeyboard.swift */; };
		3AA8801D03164F5488B26C51 /* PhoneKeyboard.swift in Sources */ = {isa = PBXBuildFile; fileRef = 875AAA0456CC400B889EF426 /* PhoneKeyboard.swift */; };
		3E313C6682CA4889925BBFC2 /* PhoneTabBarView.swift in Sources */ = {isa = PBXBuildFile; fileRef = 2E56C1D874A943F9B76C696B /* PhoneTabBarView.swift */; };
		D9C32047C44D4791B12C52C8 /* Themes.swift in Sources */ = {isa = PBXBuildFile; fileRef = 6954009FD3DD45A0A240E164 /* Themes.swift */; };
		D4D3C3E914724030ADD20DEE /* CarphoneDialKeys.swift in Sources */ = {isa = PBXBuildFile; fileRef = 6B24895639DA4F95BC0C96C1 /* CarphoneDialKeys.swift */; };
		562652429E284AABA55926EF /* CarphoneDialLayout.swift in Sources */ = {isa = PBXBuildFile; fileRef = 4A9812AE364F4169BD4EC4D8 /* CarphoneDialLayout.swift */; };
		9C479D2876B345EBA36524D9 /* WordApiCarphoneDialHost.swift in Sources */ = {isa = PBXBuildFile; fileRef = B7096C38760C4C09A7CD904E /* WordApiCarphoneDialHost.swift */; };
		A1C2D3E4F5061728394A5B6C /* DialNumberFormatting.swift in Sources */ = {isa = PBXBuildFile; fileRef = B2C3D4E5F60718293A4B5C6D /* DialNumberFormatting.swift */; };
		E13EC347668949BEAB663DBD /* ButtonKeyboard.xib in Resources */ = {isa = PBXBuildFile; fileRef = 879801B246784914AFF7BE3E /* ButtonKeyboard.xib */; };
		C7643623B7E242ABA68E928D /* PhoneKeyboard.xib in Resources */ = {isa = PBXBuildFile; fileRef = 967BFFB0F53944E88871AA4C /* PhoneKeyboard.xib */; };
		D5E6F708192A3B4C5D6E7F80 /* CarphoneDialLocalizable.xcstrings in Resources */ = {isa = PBXBuildFile; fileRef = E6F708192A3B4C5D6E7F809 /* CarphoneDialLocalizable.xcstrings */; };
/* End PBXBuildFile section */

/* Begin PBXContainerItemProxy section */
		22668C6A8ED151B1AA38EFAC /* PBXContainerItemProxy */ = {
			isa = PBXContainerItemProxy;
			containerPortal = 15D6056134C49597EE1EDAA0 /* Project object */;
			proxyType = 1;
			remoteGlobalIDString = F4C7E9F38150AFC8D5BBD590;
			remoteInfo = MagicCallLiveCallerLookup;
		};
		6D73A73BF899D3C37A089FA4 /* PBXContainerItemProxy */ = {
			isa = PBXContainerItemProxy;
			containerPortal = 15D6056134C49597EE1EDAA0 /* Project object */;
			proxyType = 1;
			remoteGlobalIDString = 505AFC5C4964632A09807C63;
			remoteInfo = MagicCall;
		};
		9B1E1AB0EE2626E2FCD99D85 /* PBXContainerItemProxy */ = {
			isa = PBXContainerItemProxy;
			containerPortal = 15D6056134C49597EE1EDAA0 /* Project object */;
			proxyType = 1;
			remoteGlobalIDString = 82F6CE481CE82E38A1293AAC;
			remoteInfo = MagicCallCallDirectory;
		};
/* End PBXContainerItemProxy section */

/* Begin PBXCopyFilesBuildPhase section */
		4C81DBB1DE4CB56E3C2684A3 /* Embed Foundation Extensions */ = {
			isa = PBXCopyFilesBuildPhase;
			buildActionMask = 2147483647;
			dstPath = "";
			dstSubfolderSpec = 13;
			files = (
				68D2DE031EF71CE179683150 /* MagicCallCallDirectory.appex in Embed Foundation Extensions */,
				09E0EF3810160A5F1BD81E81 /* MagicCallLiveCallerLookup.appex in Embed Foundation Extensions */,
			);
			name = "Embed Foundation Extensions";
			runOnlyForDeploymentPostprocessing = 0;
		};
/* End PBXCopyFilesBuildPhase section */

/* Begin PBXFileReference section */
		038495DF0F13C324D46A2120 /* SilentShortcutStatusRow.swift */ = {isa = PBXFileReference; lastKnownFileType = sourcecode.swift; path = SilentShortcutStatusRow.swift; sourceTree = "<group>"; };
		041A68340E90792EDFC50A97 /* RingtoneSharePresenter.swift */ = {isa = PBXFileReference; lastKnownFileType = sourcecode.swift; path = RingtoneSharePresenter.swift; sourceTree = "<group>"; };
		060AED873F0873D463D46F14 /* MagicCallCallDirectory.appex */ = {isa = PBXFileReference; includeInIndex = 0; lastKnownFileType = "wrapper.app-extension"; path = MagicCallCallDirectory.appex; sourceTree = BUILT_PRODUCTS_DIR; };
		0837021B0DCC752CFA645B40 /* WordApiCallerBannerPreview.swift */ = {isa = PBXFileReference; lastKnownFileType = sourcecode.swift; path = WordApiCallerBannerPreview.swift; sourceTree = "<group>"; };
		088157D88358BCAC626D0D35 /* LoadedSongReadyRow.swift */ = {isa = PBXFileReference; lastKnownFileType = sourcecode.swift; path = LoadedSongReadyRow.swift; sourceTree = "<group>"; };
		0B504CB2C03963CF7CE9CB8A /* PerformanceGuideSheet.swift */ = {isa = PBXFileReference; lastKnownFileType = sourcecode.swift; path = PerformanceGuideSheet.swift; sourceTree = "<group>"; };
		1281B461D25A6CC77A54696F /* MainShellView.swift */ = {isa = PBXFileReference; lastKnownFileType = sourcecode.swift; path = MainShellView.swift; sourceTree = "<group>"; };
		13A6FEAE10776B4BF6C6F04A /* WordApiInputPanel.swift */ = {isa = PBXFileReference; lastKnownFileType = sourcecode.swift; path = WordApiInputPanel.swift; sourceTree = "<group>"; };
		15278D9105D3F5FF00D1BAD5 /* Info.plist */ = {isa = PBXFileReference; lastKnownFileType = text.plist; path = Info.plist; sourceTree = "<group>"; };
		157F18B545F0BC6C204DB511 /* ApiSongSession.swift */ = {isa = PBXFileReference; lastKnownFileType = sourcecode.swift; path = ApiSongSession.swift; sourceTree = "<group>"; };
		1632E6A6608418A102AFC4CF /* PerformLogReporter.swift */ = {isa = PBXFileReference; lastKnownFileType = sourcecode.swift; path = PerformLogReporter.swift; sourceTree = "<group>"; };
		16A81086CD9A3F5AC0BE592E /* WordApiContactPerformGate.swift */ = {isa = PBXFileReference; lastKnownFileType = sourcecode.swift; path = WordApiContactPerformGate.swift; sourceTree = "<group>"; };
		189566531AAF0DCDD2A3573A /* LiveCallerLookupExtension.swift */ = {isa = PBXFileReference; lastKnownFileType = sourcecode.swift; path = LiveCallerLookupExtension.swift; sourceTree = "<group>"; };
		1B91AE661642AE376E1DD474 /* ApiSettings.swift */ = {isa = PBXFileReference; lastKnownFileType = sourcecode.swift; path = ApiSettings.swift; sourceTree = "<group>"; };
		1DFC03C27AB6139290A4DA80 /* SharePerformFlow.swift */ = {isa = PBXFileReference; lastKnownFileType = sourcecode.swift; path = SharePerformFlow.swift; sourceTree = "<group>"; };
		218281B22EB24031B59074EA /* VoiceSettings.swift */ = {isa = PBXFileReference; lastKnownFileType = sourcecode.swift; path = VoiceSettings.swift; sourceTree = "<group>"; };
		223FF801202E5B7C647700E7 /* CardLineParser.swift */ = {isa = PBXFileReference; lastKnownFileType = sourcecode.swift; path = CardLineParser.swift; sourceTree = "<group>"; };
		246424FC8857825942B19C91 /* WordApiSettings.swift */ = {isa = PBXFileReference; lastKnownFileType = sourcecode.swift; path = WordApiSettings.swift; sourceTree = "<group>"; };
		2520D9C08750800C79413F10 /* AppModel+WordContact.swift */ = {isa = PBXFileReference; lastKnownFileType = sourcecode.swift; path = "AppModel+WordContact.swift"; sourceTree = "<group>"; };
		260CB39E9363322425A78261 /* OracleTheme.swift */ = {isa = PBXFileReference; lastKnownFileType = sourcecode.swift; path = OracleTheme.swift; sourceTree = "<group>"; };
		266C454CF85DCC717E5765F6 /* SilentShortcut.swift */ = {isa = PBXFileReference; lastKnownFileType = sourcecode.swift; path = SilentShortcut.swift; sourceTree = "<group>"; };
		270405B2C76043701C1E008B /* RecentPerformSnapshot.swift */ = {isa = PBXFileReference; lastKnownFileType = sourcecode.swift; path = RecentPerformSnapshot.swift; sourceTree = "<group>"; };
		270DC6372BA38BD591C5EEC2 /* PerformUserLogCard.swift */ = {isa = PBXFileReference; lastKnownFileType = sourcecode.swift; path = PerformUserLogCard.swift; sourceTree = "<group>"; };
		27CA62E6FADC4DE40154C670 /* RingtoneExporter.swift */ = {isa = PBXFileReference; lastKnownFileType = sourcecode.swift; path = RingtoneExporter.swift; sourceTree = "<group>"; };
		2A1FF07ACEFA69383ABF652C /* LibrarySongSearchBlock.swift */ = {isa = PBXFileReference; lastKnownFileType = sourcecode.swift; path = LibrarySongSearchBlock.swift; sourceTree = "<group>"; };
		2AE5A3E186B93A76002301E9 /* ApiInputPanel.swift */ = {isa = PBXFileReference; lastKnownFileType = sourcecode.swift; path = ApiInputPanel.swift; sourceTree = "<group>"; };
		2B07C8F1B15CD02BBB997F7E /* PerformUserLog.swift */ = {isa = PBXFileReference; lastKnownFileType = sourcecode.swift; path = PerformUserLog.swift; sourceTree = "<group>"; };
		2B18EC83ADCF3B62E44CB7E5 /* CardCaptureService.swift */ = {isa = PBXFileReference; lastKnownFileType = sourcecode.swift; path = CardCaptureService.swift; sourceTree = "<group>"; };
		2EA3CF064D7BB09B92C438B8 /* CardTextMapper.swift */ = {isa = PBXFileReference; lastKnownFileType = sourcecode.swift; path = CardTextMapper.swift; sourceTree = "<group>"; };
		303BA173088357A9233FE003 /* CallMonitor.swift */ = {isa = PBXFileReference; lastKnownFileType = sourcecode.swift; path = CallMonitor.swift; sourceTree = "<group>"; };
		31F371D4729BE744EF07925E /* CardVolumeScanHost.swift */ = {isa = PBXFileReference; lastKnownFileType = sourcecode.swift; path = CardVolumeScanHost.swift; sourceTree = "<group>"; };
		32440B4086E44C2CF9A8EBB5 /* MagicCall-Bridging-Header.h */ = {isa = PBXFileReference; lastKnownFileType = sourcecode.c.h; path = "MagicCall-Bridging-Header.h"; sourceTree = "<group>"; };
		3305BEFC5DE85E1D1E566060 /* StageView.swift */ = {isa = PBXFileReference; lastKnownFileType = sourcecode.swift; path = StageView.swift; sourceTree = "<group>"; };
		3706106600373AFBC0DCD995 /* WordApiSettingsView.swift */ = {isa = PBXFileReference; lastKnownFileType = sourcecode.swift; path = WordApiSettingsView.swift; sourceTree = "<group>"; };
		3A984AAEBBF8F40F180BC188 /* PerformBottomBar.swift */ = {isa = PBXFileReference; lastKnownFileType = sourcecode.swift; path = PerformBottomBar.swift; sourceTree = "<group>"; };
		3B11F0512B02E2D4ABFE71B4 /* PerformanceCues.swift */ = {isa = PBXFileReference; lastKnownFileType = sourcecode.swift; path = PerformanceCues.swift; sourceTree = "<group>"; };
		3FB1C9E9F6808800CBC3E5E4 /* MagicCall.app */ = {isa = PBXFileReference; includeInIndex = 0; lastKnownFileType = wrapper.application; path = MagicCall.app; sourceTree = BUILT_PRODUCTS_DIR; };
		4327EF1CCFA6B6427A4B0D85 /* SetupView.swift */ = {isa = PBXFileReference; lastKnownFileType = sourcecode.swift; path = SetupView.swift; sourceTree = "<group>"; };
		44F8F3AAB4CE4D47C84E6771 /* OracleSheets.swift */ = {isa = PBXFileReference; lastKnownFileType = sourcecode.swift; path = OracleSheets.swift; sourceTree = "<group>"; };
		46AF651BC85FB45939959E6E /* VoiceInputCard.swift */ = {isa = PBXFileReference; lastKnownFileType = sourcecode.swift; path = VoiceInputCard.swift; sourceTree = "<group>"; };
		47F714394D355E859CF8CEAB /* SongLibraryStore.swift */ = {isa = PBXFileReference; lastKnownFileType = sourcecode.swift; path = SongLibraryStore.swift; sourceTree = "<group>"; };
		4E39D1897218014744DABDCC /* MagicCallTests.xctest */ = {isa = PBXFileReference; includeInIndex = 0; lastKnownFileType = wrapper.cfbundle; path = MagicCallTests.xctest; sourceTree = BUILT_PRODUCTS_DIR; };
		56EDC64AB7D42A6E6DCF202B /* SongLibrarySection.swift */ = {isa = PBXFileReference; lastKnownFileType = sourcecode.swift; path = SongLibrarySection.swift; sourceTree = "<group>"; };
		5A5F46051981A4C204711045 /* MagicCallApp.swift */ = {isa = PBXFileReference; lastKnownFileType = sourcecode.swift; path = MagicCallApp.swift; sourceTree = "<group>"; };
		603B897BEED3E7EC78C3E9C6 /* MagicCallCallDirectory.entitlements */ = {isa = PBXFileReference; lastKnownFileType = text.plist.entitlements; path = MagicCallCallDirectory.entitlements; sourceTree = "<group>"; };
		60E2083CA4BDC4330740AAF7 /* Info.plist */ = {isa = PBXFileReference; lastKnownFileType = text.plist; path = Info.plist; sourceTree = "<group>"; };
		629C718913AEAE450BD6796A /* FakePostCallVolumeGate.swift */ = {isa = PBXFileReference; lastKnownFileType = sourcecode.swift; path = FakePostCallVolumeGate.swift; sourceTree = "<group>"; };
		63692B7B6C9E86B8C5F94B05 /* CallDirectoryHandler.swift */ = {isa = PBXFileReference; lastKnownFileType = sourcecode.swift; path = CallDirectoryHandler.swift; sourceTree = "<group>"; };
		66A36339EA50D410DA83A649 /* MicCapture.swift */ = {isa = PBXFileReference; lastKnownFileType = sourcecode.swift; path = MicCapture.swift; sourceTree = "<group>"; };
		6CD42726122139D6130AD4F8 /* SilentShortcutCard.swift */ = {isa = PBXFileReference; lastKnownFileType = sourcecode.swift; path = SilentShortcutCard.swift; sourceTree = "<group>"; };
		72AC74524CAF7C0D6B683FE2 /* Info.plist */ = {isa = PBXFileReference; lastKnownFileType = text.plist; path = Info.plist; sourceTree = "<group>"; };
		778066FED077319EC23EDCEE /* MCObjC.m */ = {isa = PBXFileReference; lastKnownFileType = sourcecode.c.objc; path = MCObjC.m; sourceTree = "<group>"; };
		7A21CCF1F7089541B6DC60FF /* HomeCollapsibleSection.swift */ = {isa = PBXFileReference; lastKnownFileType = sourcecode.swift; path = HomeCollapsibleSection.swift; sourceTree = "<group>"; };
		7BDF1EA0492BCF11335526EC /* WordApiSession.swift */ = {isa = PBXFileReference; lastKnownFileType = sourcecode.swift; path = WordApiSession.swift; sourceTree = "<group>"; };
		7CB5BDB6A1DCECFBD46E5FC1 /* AppModel+Voice.swift */ = {isa = PBXFileReference; lastKnownFileType = sourcecode.swift; path = "AppModel+Voice.swift"; sourceTree = "<group>"; };
		7D8577CB607F1A6119083309 /* NotesContactWordInputPanel.swift */ = {isa = PBXFileReference; lastKnownFileType = sourcecode.swift; path = NotesContactWordInputPanel.swift; sourceTree = "<group>"; };
		81ED684AAD9C91EABD24A1D3 /* SystemVolume.swift */ = {isa = PBXFileReference; lastKnownFileType = sourcecode.swift; path = SystemVolume.swift; sourceTree = "<group>"; };
		84A47F6CA835B6E782CEAD62 /* PerformHowItWorks.swift */ = {isa = PBXFileReference; lastKnownFileType = sourcecode.swift; path = PerformHowItWorks.swift; sourceTree = "<group>"; };
		876D35E2C35E579667BE51D4 /* VoiceSongSession.swift */ = {isa = PBXFileReference; lastKnownFileType = sourcecode.swift; path = VoiceSongSession.swift; sourceTree = "<group>"; };
		8A83ABBC42C589B55EA84806 /* PrivacyInfo.xcprivacy */ = {isa = PBXFileReference; path = PrivacyInfo.xcprivacy; sourceTree = "<group>"; };
		8CC0BDAA31FC35FD10BE1DC7 /* NotesSettings.swift */ = {isa = PBXFileReference; lastKnownFileType = sourcecode.swift; path = NotesSettings.swift; sourceTree = "<group>"; };
		8CCF4B2A04391ED446729DA8 /* RingtoneAudioEngine.swift */ = {isa = PBXFileReference; lastKnownFileType = sourcecode.swift; path = RingtoneAudioEngine.swift; sourceTree = "<group>"; };
		90D564C26BAEEF26A1D77ABA /* CallerLabelStore.swift */ = {isa = PBXFileReference; lastKnownFileType = sourcecode.swift; path = CallerLabelStore.swift; sourceTree = "<group>"; };
		94C29E2CCBFC1086588445F6 /* PreviewService.swift */ = {isa = PBXFileReference; lastKnownFileType = sourcecode.swift; path = PreviewService.swift; sourceTree = "<group>"; };
		95741E05D5028025CDBF2012 /* WordApiContactShowState.swift */ = {isa = PBXFileReference; lastKnownFileType = sourcecode.swift; path = WordApiContactShowState.swift; sourceTree = "<group>"; };
		97FA30F7FC2CD5EE14D65A2F /* SongPicker.swift */ = {isa = PBXFileReference; lastKnownFileType = sourcecode.swift; path = SongPicker.swift; sourceTree = "<group>"; };
		9DF757E75BDC637EE99AFAEE /* WordApiContactViews.swift */ = {isa = PBXFileReference; lastKnownFileType = sourcecode.swift; path = WordApiContactViews.swift; sourceTree = "<group>"; };
		C50AE28CFE344C389AD52947 /* CardHandwritingPicker.swift */ = {isa = PBXFileReference; lastKnownFileType = sourcecode.swift; path = CardHandwritingPicker.swift; sourceTree = "<group>"; };
		0C9C8C3312524B0985087781 /* CardImageEncoder.swift */ = {isa = PBXFileReference; lastKnownFileType = sourcecode.swift; path = CardImageEncoder.swift; sourceTree = "<group>"; };
		9F359F96C587AA8BC184B11A /* CardOCRProcessor.swift */ = {isa = PBXFileReference; lastKnownFileType = sourcecode.swift; path = CardOCRProcessor.swift; sourceTree = "<group>"; };
		9F397FA5E183D1BEAD1B8B9A /* SettingsView.swift */ = {isa = PBXFileReference; lastKnownFileType = sourcecode.swift; path = SettingsView.swift; sourceTree = "<group>"; };
		9FA2CF6BD397B91ACAF84FAD /* LiveTranscribers.swift */ = {isa = PBXFileReference; lastKnownFileType = sourcecode.swift; path = LiveTranscribers.swift; sourceTree = "<group>"; };
		A292077410CF73096E5CD7B8 /* CallerLabelStore.swift */ = {isa = PBXFileReference; lastKnownFileType = sourcecode.swift; path = CallerLabelStore.swift; sourceTree = "<group>"; };
		A2A7D6817DA44304F1D5ABC6 /* HeroLogoView.swift */ = {isa = PBXFileReference; lastKnownFileType = sourcecode.swift; path = HeroLogoView.swift; sourceTree = "<group>"; };
		A539EED2B566EDCDB04C0CCE /* WordReadingTests.swift */ = {isa = PBXFileReference; lastKnownFileType = sourcecode.swift; path = WordReadingTests.swift; sourceTree = "<group>"; };
		A5742EFB2E2186ABC66755D3 /* MagicCallLiveCallerLookup.appex */ = {isa = PBXFileReference; includeInIndex = 0; lastKnownFileType = "wrapper.app-extension"; path = MagicCallLiveCallerLookup.appex; sourceTree = BUILT_PRODUCTS_DIR; };
		A5E5E3E1B9AA9AAC9611103D /* NotesInputControls.swift */ = {isa = PBXFileReference; lastKnownFileType = sourcecode.swift; path = NotesInputControls.swift; sourceTree = "<group>"; };
		A744DA01C5B2EA22A5B55906 /* UIIllustrations.swift */ = {isa = PBXFileReference; lastKnownFileType = sourcecode.swift; path = UIIllustrations.swift; sourceTree = "<group>"; };
		A8A0F19A8FF481F9116B87B9 /* NotesSongSession.swift */ = {isa = PBXFileReference; lastKnownFileType = sourcecode.swift; path = NotesSongSession.swift; sourceTree = "<group>"; };
		AB6238274795CDF8F6168324 /* VoiceListenPlan.swift */ = {isa = PBXFileReference; lastKnownFileType = sourcecode.swift; path = VoiceListenPlan.swift; sourceTree = "<group>"; };
		AF4C2F9A27E5FA837BB7116B /* VoiceOpenAIPreflight.swift */ = {isa = PBXFileReference; lastKnownFileType = sourcecode.swift; path = VoiceOpenAIPreflight.swift; sourceTree = "<group>"; };
		B0F7B9E94667A4865BD298C1 /* PerformInstructionsCopy.swift */ = {isa = PBXFileReference; lastKnownFileType = sourcecode.swift; path = PerformInstructionsCopy.swift; sourceTree = "<group>"; };
		B22312604EAA954600AED69E /* NotesContactSettings.swift */ = {isa = PBXFileReference; lastKnownFileType = sourcecode.swift; path = NotesContactSettings.swift; sourceTree = "<group>"; };
		B2F05FB0012259530FD41441 /* MagicCallLiveCallerLookup.entitlements */ = {isa = PBXFileReference; lastKnownFileType = text.plist.entitlements; path = MagicCallLiveCallerLookup.entitlements; sourceTree = "<group>"; };
		B521B3A9CDF1292800B9E81D /* AiVoiceInputPanel.swift */ = {isa = PBXFileReference; lastKnownFileType = sourcecode.swift; path = AiVoiceInputPanel.swift; sourceTree = "<group>"; };
		B5C269D939BB5F7D004EF20F /* NotesPerformView.swift */ = {isa = PBXFileReference; lastKnownFileType = sourcecode.swift; path = NotesPerformView.swift; sourceTree = "<group>"; };
		B61D2102F758F8505B68544E /* RingtoneDisguiseView.swift */ = {isa = PBXFileReference; lastKnownFileType = sourcecode.swift; path = RingtoneDisguiseView.swift; sourceTree = "<group>"; };
		B6949E0964299D0E2E8531C7 /* Assets.xcassets */ = {isa = PBXFileReference; lastKnownFileType = folder.assetcatalog; path = Assets.xcassets; sourceTree = "<group>"; };
		B810F1343436DAAD6202B2E1 /* DebugLogView.swift */ = {isa = PBXFileReference; lastKnownFileType = sourcecode.swift; path = DebugLogView.swift; sourceTree = "<group>"; };
		BDC4B319DA3C7F0894EA4675 /* VoiceOpenAILanguages.swift */ = {isa = PBXFileReference; lastKnownFileType = sourcecode.swift; path = VoiceOpenAILanguages.swift; sourceTree = "<group>"; };
		BE6CC08F1371815B8ECC08D6 /* DebugLog.swift */ = {isa = PBXFileReference; lastKnownFileType = sourcecode.swift; path = DebugLog.swift; sourceTree = "<group>"; };
		C10F1FAFEC4327EF1C05B2D5 /* CardInputPanel.swift */ = {isa = PBXFileReference; lastKnownFileType = sourcecode.swift; path = CardInputPanel.swift; sourceTree = "<group>"; };
		C30B3D15953FEAA8EA8E7828 /* ApiSettingsView.swift */ = {isa = PBXFileReference; lastKnownFileType = sourcecode.swift; path = ApiSettingsView.swift; sourceTree = "<group>"; };
		C3733964AB91EF91B6CA3950 /* MCObjC.h */ = {isa = PBXFileReference; lastKnownFileType = sourcecode.c.h; path = MCObjC.h; sourceTree = "<group>"; };
		C5D33B9D6604B6A2334D1E28 /* UIWindow+MagicCall.swift */ = {isa = PBXFileReference; lastKnownFileType = sourcecode.swift; path = "UIWindow+MagicCall.swift"; sourceTree = "<group>"; };
		CDBF167EB2FC9F9FEC46A0C9 /* CardSongSession.swift */ = {isa = PBXFileReference; lastKnownFileType = sourcecode.swift; path = CardSongSession.swift; sourceTree = "<group>"; };
		D220719203424E371638A6F3 /* ImportedAudioStore.swift */ = {isa = PBXFileReference; lastKnownFileType = sourcecode.swift; path = ImportedAudioStore.swift; sourceTree = "<group>"; };
		DE8E82BCFD38058C2E0B516B /* CardOCRLayout.swift */ = {isa = PBXFileReference; lastKnownFileType = sourcecode.swift; path = CardOCRLayout.swift; sourceTree = "<group>"; };
		DEA922A0D263D3309553D389 /* Prefs.swift */ = {isa = PBXFileReference; lastKnownFileType = sourcecode.swift; path = Prefs.swift; sourceTree = "<group>"; };
		E263FE4707E78890CA7FB0F2 /* NotesContactWordSettings.swift */ = {isa = PBXFileReference; lastKnownFileType = sourcecode.swift; path = NotesContactWordSettings.swift; sourceTree = "<group>"; };
		E3138D1D5022FAD8B230768B /* PrivateProbes.swift */ = {isa = PBXFileReference; lastKnownFileType = sourcecode.swift; path = PrivateProbes.swift; sourceTree = "<group>"; };
		E48131BF78F88DFF0CB3E192 /* MagicIntents.swift */ = {isa = PBXFileReference; lastKnownFileType = sourcecode.swift; path = MagicIntents.swift; sourceTree = "<group>"; };
		E67C120E02A9B4EB6176A78B /* CallDirectorySync.swift */ = {isa = PBXFileReference; lastKnownFileType = sourcecode.swift; path = CallDirectorySync.swift; sourceTree = "<group>"; };
		EC77119D4608465FEFC34B61 /* CardSettings.swift */ = {isa = PBXFileReference; lastKnownFileType = sourcecode.swift; path = CardSettings.swift; sourceTree = "<group>"; };
		ECBAC1F2474CCF158CF15B87 /* NotesContactWordSession.swift */ = {isa = PBXFileReference; lastKnownFileType = sourcecode.swift; path = NotesContactWordSession.swift; sourceTree = "<group>"; };
		13582596BEA54FA8BE854C12 /* NotesContactCallDetailPreview.swift */ = {isa = PBXFileReference; lastKnownFileType = sourcecode.swift; path = NotesContactCallDetailPreview.swift; sourceTree = "<group>"; };
		EE811A2D141570F6DE6CD107 /* NotesContactHomeCard.swift */ = {isa = PBXFileReference; lastKnownFileType = sourcecode.swift; path = NotesContactHomeCard.swift; sourceTree = "<group>"; };
		F1E1FD9BD793A8EA7B167E69 /* NotesContactConnectionView.swift */ = {isa = PBXFileReference; lastKnownFileType = sourcecode.swift; path = NotesContactConnectionView.swift; sourceTree = "<group>"; };
		F235D4C3F14AB89CF4409734 /* VoiceLockingControls.swift */ = {isa = PBXFileReference; lastKnownFileType = sourcecode.swift; path = VoiceLockingControls.swift; sourceTree = "<group>"; };
		F3B9638F6383C01B28002D3C /* SpectatorWordPicker.swift */ = {isa = PBXFileReference; lastKnownFileType = sourcecode.swift; path = SpectatorWordPicker.swift; sourceTree = "<group>"; };
		F3F8C86B2AFD6FC77DA467D2 /* AppModel.swift */ = {isa = PBXFileReference; lastKnownFileType = sourcecode.swift; path = AppModel.swift; sourceTree = "<group>"; };
		F65132DC6AAC18668D41A807 /* SpectatorWordContactService.swift */ = {isa = PBXFileReference; lastKnownFileType = sourcecode.swift; path = SpectatorWordContactService.swift; sourceTree = "<group>"; };
		FAACCE0625539DCCCDBB141A /* UnifiedPerformanceModeCard.swift */ = {isa = PBXFileReference; lastKnownFileType = sourcecode.swift; path = UnifiedPerformanceModeCard.swift; sourceTree = "<group>"; };
		FAF6D9D7CFB92C263EEB4BA9 /* SongInputStrip.swift */ = {isa = PBXFileReference; lastKnownFileType = sourcecode.swift; path = SongInputStrip.swift; sourceTree = "<group>"; };
		4CF67B21343D4FF986F93AD9 /* ButtonKeyboard.swift */ = {isa = PBXFileReference; lastKnownFileType = sourcecode.swift; path = ButtonKeyboard.swift; sourceTree = "<group>"; };
		875AAA0456CC400B889EF426 /* PhoneKeyboard.swift */ = {isa = PBXFileReference; lastKnownFileType = sourcecode.swift; path = PhoneKeyboard.swift; sourceTree = "<group>"; };
		2E56C1D874A943F9B76C696B /* PhoneTabBarView.swift */ = {isa = PBXFileReference; lastKnownFileType = sourcecode.swift; path = PhoneTabBarView.swift; sourceTree = "<group>"; };
		6954009FD3DD45A0A240E164 /* Themes.swift */ = {isa = PBXFileReference; lastKnownFileType = sourcecode.swift; path = Themes.swift; sourceTree = "<group>"; };
		6B24895639DA4F95BC0C96C1 /* CarphoneDialKeys.swift */ = {isa = PBXFileReference; lastKnownFileType = sourcecode.swift; path = CarphoneDialKeys.swift; sourceTree = "<group>"; };
		4A9812AE364F4169BD4EC4D8 /* CarphoneDialLayout.swift */ = {isa = PBXFileReference; lastKnownFileType = sourcecode.swift; path = CarphoneDialLayout.swift; sourceTree = "<group>"; };
		B7096C38760C4C09A7CD904E /* WordApiCarphoneDialHost.swift */ = {isa = PBXFileReference; lastKnownFileType = sourcecode.swift; path = WordApiCarphoneDialHost.swift; sourceTree = "<group>"; };
		B2C3D4E5F60718293A4B5C6D /* DialNumberFormatting.swift */ = {isa = PBXFileReference; lastKnownFileType = sourcecode.swift; path = DialNumberFormatting.swift; sourceTree = "<group>"; };
		879801B246784914AFF7BE3E /* ButtonKeyboard.xib */ = {isa = PBXFileReference; lastKnownFileType = file.xib; path = ButtonKeyboard.xib; sourceTree = "<group>"; };
		967BFFB0F53944E88871AA4C /* PhoneKeyboard.xib */ = {isa = PBXFileReference; lastKnownFileType = file.xib; path = PhoneKeyboard.xib; sourceTree = "<group>"; };
		E6F708192A3B4C5D6E7F809 /* CarphoneDialLocalizable.xcstrings */ = {isa = PBXFileReference; lastKnownFileType = text.json.xcstrings; path = CarphoneDialLocalizable.xcstrings; sourceTree = "<group>"; };
/* End PBXFileReference section */

/* Begin PBXGroup section */
		20E28B94AB89346A94B87FBD /* Calls */ = {
			isa = PBXGroup;
			children = (
				E67C120E02A9B4EB6176A78B /* CallDirectorySync.swift */,
				90D564C26BAEEF26A1D77ABA /* CallerLabelStore.swift */,
				303BA173088357A9233FE003 /* CallMonitor.swift */,
			);
			path = Calls;
			sourceTree = "<group>";
		};
		31B4E312D30B2DE9EFB3E3A5 /* Debug */ = {
			isa = PBXGroup;
			children = (
				BE6CC08F1371815B8ECC08D6 /* DebugLog.swift */,
			);
			path = Debug;
			sourceTree = "<group>";
		};
		36D38DAE55EBBD072CD7EB9F = {
			isa = PBXGroup;
			children = (
				5693E6CE804C14C3ECFA3469 /* MagicCall */,
				7C327F7400BCB1CFFA37C35B /* MagicCallCallDirectory */,
				758DC70B7F773EB9EE133A86 /* MagicCallLiveCallerLookup */,
				6C2BFFED557B65DB07EDBF19 /* MagicCallTests */,
				97903A5057FC6639C99E702B /* Products */,
			);
			sourceTree = "<group>";
		};
		384477B141C03EACD86AB823 /* Resources */ = {
			isa = PBXGroup;
			children = (
				B6949E0964299D0E2E8531C7 /* Assets.xcassets */,
				72AC74524CAF7C0D6B683FE2 /* Info.plist */,
				8A83ABBC42C589B55EA84806 /* PrivacyInfo.xcprivacy */,
			);
			path = Resources;
			sourceTree = "<group>";
		};
		46B89EE582F954AA05B2FF8F /* Experiments */ = {
			isa = PBXGroup;
			children = (
				E3138D1D5022FAD8B230768B /* PrivateProbes.swift */,
				81ED684AAD9C91EABD24A1D3 /* SystemVolume.swift */,
			);
			path = Experiments;
			sourceTree = "<group>";
		};
		4AE9C7B9725F14FCA418E53C /* Card */ = {
			isa = PBXGroup;
			children = (
				2B18EC83ADCF3B62E44CB7E5 /* CardCaptureService.swift */,
				C10F1FAFEC4327EF1C05B2D5 /* CardInputPanel.swift */,
				223FF801202E5B7C647700E7 /* CardLineParser.swift */,
				DE8E82BCFD38058C2E0B516B /* CardOCRLayout.swift */,
				C50AE28CFE344C389AD52947 /* CardHandwritingPicker.swift */,
				0C9C8C3312524B0985087781 /* CardImageEncoder.swift */,
				9F359F96C587AA8BC184B11A /* CardOCRProcessor.swift */,
				EC77119D4608465FEFC34B61 /* CardSettings.swift */,
				CDBF167EB2FC9F9FEC46A0C9 /* CardSongSession.swift */,
				2EA3CF064D7BB09B92C438B8 /* CardTextMapper.swift */,
				31F371D4729BE744EF07925E /* CardVolumeScanHost.swift */,
			);
			path = Card;
			sourceTree = "<group>";
		};
		4BD55508B51C6858FEC11095 /* Notes */ = {
			isa = PBXGroup;
			children = (
				F1E1FD9BD793A8EA7B167E69 /* NotesContactConnectionView.swift */,
				B22312604EAA954600AED69E /* NotesContactSettings.swift */,
				7D8577CB607F1A6119083309 /* NotesContactWordInputPanel.swift */,
				ECBAC1F2474CCF158CF15B87 /* NotesContactWordSession.swift */,
				E263FE4707E78890CA7FB0F2 /* NotesContactWordSettings.swift */,
				A5E5E3E1B9AA9AAC9611103D /* NotesInputControls.swift */,
				B5C269D939BB5F7D004EF20F /* NotesPerformView.swift */,
				8CC0BDAA31FC35FD10BE1DC7 /* NotesSettings.swift */,
				A8A0F19A8FF481F9116B87B9 /* NotesSongSession.swift */,
			);
			path = Notes;
			sourceTree = "<group>";
		};
		5569EF424C4C19731177A663 /* Support */ = {
			isa = PBXGroup;
			children = (
				32440B4086E44C2CF9A8EBB5 /* MagicCall-Bridging-Header.h */,
				C3733964AB91EF91B6CA3950 /* MCObjC.h */,
				778066FED077319EC23EDCEE /* MCObjC.m */,
				C5D33B9D6604B6A2334D1E28 /* UIWindow+MagicCall.swift */,
			);
			path = Support;
			sourceTree = "<group>";
		};
		5693E6CE804C14C3ECFA3469 /* MagicCall */ = {
			isa = PBXGroup;
			children = (
				384477B141C03EACD86AB823 /* Resources */,
				E900D407A841DCC8BE540D91 /* Sources */,
			);
			path = MagicCall;
			sourceTree = "<group>";
		};
		5C6E9CB8B3652B5FFDFC3A9A /* Api */ = {
			isa = PBXGroup;
			children = (
				2AE5A3E186B93A76002301E9 /* ApiInputPanel.swift */,
				1B91AE661642AE376E1DD474 /* ApiSettings.swift */,
				C30B3D15953FEAA8EA8E7828 /* ApiSettingsView.swift */,
				157F18B545F0BC6C204DB511 /* ApiSongSession.swift */,
				F65132DC6AAC18668D41A807 /* SpectatorWordContactService.swift */,
				0837021B0DCC752CFA645B40 /* WordApiCallerBannerPreview.swift */,
				16A81086CD9A3F5AC0BE592E /* WordApiContactPerformGate.swift */,
				95741E05D5028025CDBF2012 /* WordApiContactShowState.swift */,
				9DF757E75BDC637EE99AFAEE /* WordApiContactViews.swift */,
				13A6FEAE10776B4BF6C6F04A /* WordApiInputPanel.swift */,
				7BDF1EA0492BCF11335526EC /* WordApiSession.swift */,
				246424FC8857825942B19C91 /* WordApiSettings.swift */,
				3706106600373AFBC0DCD995 /* WordApiSettingsView.swift */,
			);
			path = Api;
			sourceTree = "<group>";
		};
		6C2BFFED557B65DB07EDBF19 /* MagicCallTests */ = {
			isa = PBXGroup;
			children = (
				A539EED2B566EDCDB04C0CCE /* WordReadingTests.swift */,
			);
			path = MagicCallTests;
			sourceTree = "<group>";
		};
		758DC70B7F773EB9EE133A86 /* MagicCallLiveCallerLookup */ = {
			isa = PBXGroup;
			children = (
				60E2083CA4BDC4330740AAF7 /* Info.plist */,
				189566531AAF0DCDD2A3573A /* LiveCallerLookupExtension.swift */,
				B2F05FB0012259530FD41441 /* MagicCallLiveCallerLookup.entitlements */,
			);
			path = MagicCallLiveCallerLookup;
			sourceTree = "<group>";
		};
		7C327F7400BCB1CFFA37C35B /* MagicCallCallDirectory */ = {
			isa = PBXGroup;
			children = (
				63692B7B6C9E86B8C5F94B05 /* CallDirectoryHandler.swift */,
				A292077410CF73096E5CD7B8 /* CallerLabelStore.swift */,
				15278D9105D3F5FF00D1BAD5 /* Info.plist */,
				603B897BEED3E7EC78C3E9C6 /* MagicCallCallDirectory.entitlements */,
			);
			path = MagicCallCallDirectory;
			sourceTree = "<group>";
		};
		81D45F486E9CD99D614BA4C4 /* Audio */ = {
			isa = PBXGroup;
			children = (
				8CCF4B2A04391ED446729DA8 /* RingtoneAudioEngine.swift */,
				27CA62E6FADC4DE40154C670 /* RingtoneExporter.swift */,
				041A68340E90792EDFC50A97 /* RingtoneSharePresenter.swift */,
			);
			path = Audio;
			sourceTree = "<group>";
		};
		97903A5057FC6639C99E702B /* Products */ = {
			isa = PBXGroup;
			children = (
				3FB1C9E9F6808800CBC3E5E4 /* MagicCall.app */,
				060AED873F0873D463D46F14 /* MagicCallCallDirectory.appex */,
				A5742EFB2E2186ABC66755D3 /* MagicCallLiveCallerLookup.appex */,
				4E39D1897218014744DABDCC /* MagicCallTests.xctest */,
			);
			name = Products;
			sourceTree = "<group>";
		};
		9FF1C4C7A77B04B62ED7949E /* App */ = {
			isa = PBXGroup;
			children = (
				F3F8C86B2AFD6FC77DA467D2 /* AppModel.swift */,
				2520D9C08750800C79413F10 /* AppModel+WordContact.swift */,
				5A5F46051981A4C204711045 /* MagicCallApp.swift */,
				DEA922A0D263D3309553D389 /* Prefs.swift */,
			);
			path = App;
			sourceTree = "<group>";
		};
		C2D2244203C15A72F60667AA /* Songs */ = {
			isa = PBXGroup;
			children = (
				D220719203424E371638A6F3 /* ImportedAudioStore.swift */,
				94C29E2CCBFC1086588445F6 /* PreviewService.swift */,
				270405B2C76043701C1E008B /* RecentPerformSnapshot.swift */,
				47F714394D355E859CF8CEAB /* SongLibraryStore.swift */,
			);
			path = Songs;
			sourceTree = "<group>";
		};
		DF0DA7E76FCD333F65171859 /* Perform */ = {
			isa = PBXGroup;
			children = (
				629C718913AEAE450BD6796A /* FakePostCallVolumeGate.swift */,
				3B11F0512B02E2D4ABFE71B4 /* PerformanceCues.swift */,
				84A47F6CA835B6E782CEAD62 /* PerformHowItWorks.swift */,
				B0F7B9E94667A4865BD298C1 /* PerformInstructionsCopy.swift */,
				1632E6A6608418A102AFC4CF /* PerformLogReporter.swift */,
				2B07C8F1B15CD02BBB997F7E /* PerformUserLog.swift */,
				1DFC03C27AB6139290A4DA80 /* SharePerformFlow.swift */,
				266C454CF85DCC717E5765F6 /* SilentShortcut.swift */,
				6CD42726122139D6130AD4F8 /* SilentShortcutCard.swift */,
			);
			path = Perform;
			sourceTree = "<group>";
		};
		AABBCCDDEEFF001122334455 /* CarphoneDial */ = {
			isa = PBXGroup;
			children = (
				4CF67B21343D4FF986F93AD9 /* ButtonKeyboard.swift */,
				875AAA0456CC400B889EF426 /* PhoneKeyboard.swift */,
				2E56C1D874A943F9B76C696B /* PhoneTabBarView.swift */,
				6954009FD3DD45A0A240E164 /* Themes.swift */,
				6B24895639DA4F95BC0C96C1 /* CarphoneDialKeys.swift */,
				4A9812AE364F4169BD4EC4D8 /* CarphoneDialLayout.swift */,
				B7096C38760C4C09A7CD904E /* WordApiCarphoneDialHost.swift */,
				B2C3D4E5F60718293A4B5C6D /* DialNumberFormatting.swift */,
				879801B246784914AFF7BE3E /* ButtonKeyboard.xib */,
				967BFFB0F53944E88871AA4C /* PhoneKeyboard.xib */,
			);
			path = CarphoneDial;
			sourceTree = "<group>";
		};
		E900D407A841DCC8BE540D91 /* Sources */ = {
			isa = PBXGroup;
			children = (
				AABBCCDDEEFF001122334455 /* CarphoneDial */,
				5C6E9CB8B3652B5FFDFC3A9A /* Api */,
				9FF1C4C7A77B04B62ED7949E /* App */,
				81D45F486E9CD99D614BA4C4 /* Audio */,
				20E28B94AB89346A94B87FBD /* Calls */,
				4AE9C7B9725F14FCA418E53C /* Card */,
				31B4E312D30B2DE9EFB3E3A5 /* Debug */,
				46B89EE582F954AA05B2FF8F /* Experiments */,
				EC06A23E0F798A1BAFB9AAA3 /* Intents */,
				4BD55508B51C6858FEC11095 /* Notes */,
				DF0DA7E76FCD333F65171859 /* Perform */,
				C2D2244203C15A72F60667AA /* Songs */,
				5569EF424C4C19731177A663 /* Support */,
				F945B5D56D680051230ADB34 /* UI */,
				F25EADDEB3E532244489CFED /* Voice */,
			);
			path = Sources;
			sourceTree = "<group>";
		};
		EC06A23E0F798A1BAFB9AAA3 /* Intents */ = {
			isa = PBXGroup;
			children = (
				E48131BF78F88DFF0CB3E192 /* MagicIntents.swift */,
			);
			path = Intents;
			sourceTree = "<group>";
		};
		F25EADDEB3E532244489CFED /* Voice */ = {
			isa = PBXGroup;
			children = (
				B521B3A9CDF1292800B9E81D /* AiVoiceInputPanel.swift */,
				7CB5BDB6A1DCECFBD46E5FC1 /* AppModel+Voice.swift */,
				9FA2CF6BD397B91ACAF84FAD /* LiveTranscribers.swift */,
				66A36339EA50D410DA83A649 /* MicCapture.swift */,
				97FA30F7FC2CD5EE14D65A2F /* SongPicker.swift */,
				F3B9638F6383C01B28002D3C /* SpectatorWordPicker.swift */,
				46AF651BC85FB45939959E6E /* VoiceInputCard.swift */,
				AB6238274795CDF8F6168324 /* VoiceListenPlan.swift */,
				F235D4C3F14AB89CF4409734 /* VoiceLockingControls.swift */,
				BDC4B319DA3C7F0894EA4675 /* VoiceOpenAILanguages.swift */,
				AF4C2F9A27E5FA837BB7116B /* VoiceOpenAIPreflight.swift */,
				218281B22EB24031B59074EA /* VoiceSettings.swift */,
				876D35E2C35E579667BE51D4 /* VoiceSongSession.swift */,
			);
			path = Voice;
			sourceTree = "<group>";
		};
		F54C1553240FB204BB2CB06A /* Premium */ = {
			isa = PBXGroup;
			children = (
				A2A7D6817DA44304F1D5ABC6 /* HeroLogoView.swift */,
				7A21CCF1F7089541B6DC60FF /* HomeCollapsibleSection.swift */,
				2A1FF07ACEFA69383ABF652C /* LibrarySongSearchBlock.swift */,
				088157D88358BCAC626D0D35 /* LoadedSongReadyRow.swift */,
				1281B461D25A6CC77A54696F /* MainShellView.swift */,
				13582596BEA54FA8BE854C12 /* NotesContactCallDetailPreview.swift */,
				EE811A2D141570F6DE6CD107 /* NotesContactHomeCard.swift */,
				44F8F3AAB4CE4D47C84E6771 /* OracleSheets.swift */,
				260CB39E9363322425A78261 /* OracleTheme.swift */,
				0B504CB2C03963CF7CE9CB8A /* PerformanceGuideSheet.swift */,
				3A984AAEBBF8F40F180BC188 /* PerformBottomBar.swift */,
				270DC6372BA38BD591C5EEC2 /* PerformUserLogCard.swift */,
				038495DF0F13C324D46A2120 /* SilentShortcutStatusRow.swift */,
				FAF6D9D7CFB92C263EEB4BA9 /* SongInputStrip.swift */,
				56EDC64AB7D42A6E6DCF202B /* SongLibrarySection.swift */,
				FAACCE0625539DCCCDBB141A /* UnifiedPerformanceModeCard.swift */,
			);
			path = Premium;
			sourceTree = "<group>";
		};
		F945B5D56D680051230ADB34 /* UI */ = {
			isa = PBXGroup;
			children = (
				B810F1343436DAAD6202B2E1 /* DebugLogView.swift */,
				B61D2102F758F8505B68544E /* RingtoneDisguiseView.swift */,
				9F397FA5E183D1BEAD1B8B9A /* SettingsView.swift */,
				4327EF1CCFA6B6427A4B0D85 /* SetupView.swift */,
				3305BEFC5DE85E1D1E566060 /* StageView.swift */,
				A744DA01C5B2EA22A5B55906 /* UIIllustrations.swift */,
				F54C1553240FB204BB2CB06A /* Premium */,
			);
			path = UI;
			sourceTree = "<group>";
		};
/* End PBXGroup section */

/* Begin PBXNativeTarget section */
		33868C6DE8298B832877BC0F /* MagicCallTests */ = {
			isa = PBXNativeTarget;
			buildConfigurationList = 95F4F9C622AC79580EE59937 /* Build configuration list for PBXNativeTarget "MagicCallTests" */;
			buildPhases = (
				284917B1F321640129BAFF50 /* Sources */,
			);
			buildRules = (
			);
			dependencies = (
				0D5B3E7A3B6A658901D1DC3B /* PBXTargetDependency */,
			);
			name = MagicCallTests;
			packageProductDependencies = (
			);
			productName = MagicCallTests;
			productReference = 4E39D1897218014744DABDCC /* MagicCallTests.xctest */;
			productType = "com.apple.product-type.bundle.unit-test";
		};
		505AFC5C4964632A09807C63 /* MagicCall */ = {
			isa = PBXNativeTarget;
			buildConfigurationList = F1369805F356A2D58B2D07EF /* Build configuration list for PBXNativeTarget "MagicCall" */;
			buildPhases = (
				1546E35EA9A7059A8371B1A9 /* Sources */,
				F5F8DC551CD01D330F3CDF61 /* Resources */,
				4C81DBB1DE4CB56E3C2684A3 /* Embed Foundation Extensions */,
			);
			buildRules = (
			);
			dependencies = (
				9DC551D9BCC98778E3A68A23 /* PBXTargetDependency */,
				C81FCD1EAA02D25E33BE72D2 /* PBXTargetDependency */,
			);
			name = MagicCall;
			packageProductDependencies = (
			);
			productName = MagicCall;
			productReference = 3FB1C9E9F6808800CBC3E5E4 /* MagicCall.app */;
			productType = "com.apple.product-type.application";
		};
		82F6CE481CE82E38A1293AAC /* MagicCallCallDirectory */ = {
			isa = PBXNativeTarget;
			buildConfigurationList = 16D13528AD7E9DF46E6B5C6D /* Build configuration list for PBXNativeTarget "MagicCallCallDirectory" */;
			buildPhases = (
				F10A0085EC29F9D99B799EF2 /* Sources */,
			);
			buildRules = (
			);
			dependencies = (
			);
			name = MagicCallCallDirectory;
			packageProductDependencies = (
			);
			productName = MagicCallCallDirectory;
			productReference = 060AED873F0873D463D46F14 /* MagicCallCallDirectory.appex */;
			productType = "com.apple.product-type.app-extension";
		};
		F4C7E9F38150AFC8D5BBD590 /* MagicCallLiveCallerLookup */ = {
			isa = PBXNativeTarget;
			buildConfigurationList = 52DFC4578C04F32330F6F2FF /* Build configuration list for PBXNativeTarget "MagicCallLiveCallerLookup" */;
			buildPhases = (
				AE677C4B0B88B7F6675EFC00 /* Sources */,
			);
			buildRules = (
			);
			dependencies = (
			);
			name = MagicCallLiveCallerLookup;
			packageProductDependencies = (
			);
			productName = MagicCallLiveCallerLookup;
			productReference = A5742EFB2E2186ABC66755D3 /* MagicCallLiveCallerLookup.appex */;
			productType = "com.apple.product-type.app-extension";
		};
/* End PBXNativeTarget section */

/* Begin PBXProject section */
		15D6056134C49597EE1EDAA0 /* Project object */ = {
			isa = PBXProject;
			attributes = {
				BuildIndependentTargetsInParallel = YES;
				LastUpgradeCheck = 1430;
				TargetAttributes = {
					33868C6DE8298B832877BC0F = {
						DevelopmentTeam = 6XSHKM2M34;
						ProvisioningStyle = Automatic;
					};
					505AFC5C4964632A09807C63 = {
						DevelopmentTeam = 6XSHKM2M34;
						ProvisioningStyle = Automatic;
					};
					82F6CE481CE82E38A1293AAC = {
						DevelopmentTeam = 6XSHKM2M34;
						ProvisioningStyle = Automatic;
					};
					F4C7E9F38150AFC8D5BBD590 = {
						DevelopmentTeam = 6XSHKM2M34;
						ProvisioningStyle = Automatic;
					};
				};
			};
			buildConfigurationList = 72BFE609F2870A138A133383 /* Build configuration list for PBXProject "MagicCall" */;
			developmentRegion = en;
			hasScannedForEncodings = 0;
			knownRegions = (
				Base,
				en,
			);
			mainGroup = 36D38DAE55EBBD072CD7EB9F;
			minimizedProjectReferenceProxies = 1;
			preferredProjectObjectVersion = 77;
			productRefGroup = 97903A5057FC6639C99E702B /* Products */;
			projectDirPath = "";
			projectRoot = "";
			targets = (
				505AFC5C4964632A09807C63 /* MagicCall */,
				82F6CE481CE82E38A1293AAC /* MagicCallCallDirectory */,
				F4C7E9F38150AFC8D5BBD590 /* MagicCallLiveCallerLookup */,
				33868C6DE8298B832877BC0F /* MagicCallTests */,
			);
		};
/* End PBXProject section */

/* Begin PBXResourcesBuildPhase section */
		F5F8DC551CD01D330F3CDF61 /* Resources */ = {
			isa = PBXResourcesBuildPhase;
			buildActionMask = 2147483647;
			files = (
				1A496C1D95A030425C92AF6B /* Assets.xcassets in Resources */,
				E6AFD06A3F393638BE5731B6 /* PrivacyInfo.xcprivacy in Resources */,
				E13EC347668949BEAB663DBD /* ButtonKeyboard.xib in Resources */,
				C7643623B7E242ABA68E928D /* PhoneKeyboard.xib in Resources */,
				D5E6F708192A3B4C5D6E7F80 /* CarphoneDialLocalizable.xcstrings in Resources */,
			);
			runOnlyForDeploymentPostprocessing = 0;
		};
/* End PBXResourcesBuildPhase section */

/* Begin PBXSourcesBuildPhase section */
		1546E35EA9A7059A8371B1A9 /* Sources */ = {
			isa = PBXSourcesBuildPhase;
			buildActionMask = 2147483647;
			files = (
				0C7DD1810B8A32E53E19A6EF /* AiVoiceInputPanel.swift in Sources */,
				E35A7B10CDB728AE2BBC1BAA /* ApiInputPanel.swift in Sources */,
				60358E4481DA131134CE881A /* ApiSettings.swift in Sources */,
				8BC10BB4807461B2F102F8FA /* ApiSettingsView.swift in Sources */,
				6D186875F006FE6842FAE093 /* ApiSongSession.swift in Sources */,
				3990F1E3960F46E9739453B2 /* AppModel+Voice.swift in Sources */,
				FECA2C4469B32D6936668F8A /* AppModel+WordContact.swift in Sources */,
				608D17E57ADD450BAA1DDC61 /* ButtonKeyboard.swift in Sources */,
				3AA8801D03164F5488B26C51 /* PhoneKeyboard.swift in Sources */,
				3E313C6682CA4889925BBFC2 /* PhoneTabBarView.swift in Sources */,
				D9C32047C44D4791B12C52C8 /* Themes.swift in Sources */,
				D4D3C3E914724030ADD20DEE /* CarphoneDialKeys.swift in Sources */,
				562652429E284AABA55926EF /* CarphoneDialLayout.swift in Sources */,
				9C479D2876B345EBA36524D9 /* WordApiCarphoneDialHost.swift in Sources */,
				A1C2D3E4F5061728394A5B6C /* DialNumberFormatting.swift in Sources */,
				2759F7EDE468921282C2E330 /* AppModel.swift in Sources */,
				19FF538245C7E267A53BE4E2 /* CallDirectorySync.swift in Sources */,
				99C1146710877380EBC55FD9 /* CallMonitor.swift in Sources */,
				331E9430747CFF4456798229 /* CallerLabelStore.swift in Sources */,
				20ACC5FFA594DEB4E92EAC0B /* CardCaptureService.swift in Sources */,
				0B7939F9A17DDF66D8FA6ED4 /* CardInputPanel.swift in Sources */,
				8C4101AD9A1105D40C87AAAA /* CardLineParser.swift in Sources */,
				42C8AEF7433386023083BFCE /* CardOCRLayout.swift in Sources */,
				E7FB5B1DF1294B279AF4C757 /* CardHandwritingPicker.swift in Sources */,
				F85E0A4A1BC6426988498813 /* CardImageEncoder.swift in Sources */,
				0DC2CA0FAB3EE106008ED273 /* CardOCRProcessor.swift in Sources */,
				8D205906D0C59112990ED155 /* CardSettings.swift in Sources */,
				2CFC38C7A63678D43141D4BC /* CardSongSession.swift in Sources */,
				D1B227CCC8CB65C89C798C8C /* CardTextMapper.swift in Sources */,
				FBB7FBCA32D55B7577416FB3 /* CardVolumeScanHost.swift in Sources */,
				0252A189382C473B6FAD70AB /* DebugLog.swift in Sources */,
				C4A84B05EE00F8A14BB48FC6 /* DebugLogView.swift in Sources */,
				6BBF2CA1A5DFE664162ECDBC /* FakePostCallVolumeGate.swift in Sources */,
				31BFA5A3B42AD87279A73D6D /* HeroLogoView.swift in Sources */,
				086460104B68BB3C819E3FED /* HomeCollapsibleSection.swift in Sources */,
				66615CC09AC450AAA511552A /* ImportedAudioStore.swift in Sources */,
				CCFC4C35ACA812D33DA3DB12 /* LibrarySongSearchBlock.swift in Sources */,
				45B9F626BAE2A5701A001DC2 /* LiveTranscribers.swift in Sources */,
				69DA22C1783D98829F2DCE7B /* LoadedSongReadyRow.swift in Sources */,
				924BA1D7520A74BEAA0986A7 /* MCObjC.m in Sources */,
				2E7126CCE44C14489C54AA8E /* MagicCallApp.swift in Sources */,
				9BC788D2F180C967FBFF14AB /* MagicIntents.swift in Sources */,
				F80AF9FD212EA30200E041F5 /* MainShellView.swift in Sources */,
				232F0E4CF4F90CFD03D0F2CB /* MicCapture.swift in Sources */,
				290C81AF65DA4D457A2ED9D6 /* NotesContactConnectionView.swift in Sources */,
				342DABB09E7C4CAAB2AE4B2F /* NotesContactCallDetailPreview.swift in Sources */,
				242C6F29DEE6403FB8F2C94D /* NotesContactHomeCard.swift in Sources */,
				E88465E0B481CA795AB50C86 /* NotesContactSettings.swift in Sources */,
				30E24F3095BA52459B3334A9 /* NotesContactWordInputPanel.swift in Sources */,
				6596E020FE59EF9229BBD51F /* NotesContactWordSession.swift in Sources */,
				3BCE337D4E4DDFFA5142F61D /* NotesContactWordSettings.swift in Sources */,
				9990A04F2EB44210E992A302 /* NotesInputControls.swift in Sources */,
				A1527BE9FA2E86C4B75BAB86 /* NotesPerformView.swift in Sources */,
				BC3768587DC85F9AA9C3209B /* NotesSettings.swift in Sources */,
				256D9EDE07BBB6F76804461F /* NotesSongSession.swift in Sources */,
				75092964F794A1AF322ABF44 /* OracleSheets.swift in Sources */,
				15BFEC09D92D308DEF7D9A54 /* OracleTheme.swift in Sources */,
				341A95B0EDC930CAD60D55A2 /* PerformBottomBar.swift in Sources */,
				341773BE1B166A79B044AC49 /* PerformHowItWorks.swift in Sources */,
				BC0954735758C2B6B3F42715 /* PerformInstructionsCopy.swift in Sources */,
				28EF8E3DABC00662B6E354FE /* PerformLogReporter.swift in Sources */,
				366F6FD0B991972DAC7235D1 /* PerformUserLog.swift in Sources */,
				45BCB91576B14E5B65D453E0 /* PerformUserLogCard.swift in Sources */,
				0FE67C1D8EAF1D7628E95531 /* PerformanceCues.swift in Sources */,
				6CE7420A8F1FE10C6CBAC293 /* PerformanceGuideSheet.swift in Sources */,
				A44853952E079252482E4F83 /* Prefs.swift in Sources */,
				BEC014E4012EE7481D2D4B24 /* PreviewService.swift in Sources */,
				AD247EA0DE5232DC20B60C86 /* PrivateProbes.swift in Sources */,
				6CC083753E4B6548FDB19A70 /* RecentPerformSnapshot.swift in Sources */,
				0FC1EC7B4985F1F6545DE135 /* RingtoneAudioEngine.swift in Sources */,
				4D745440E4E871C0E45D380E /* RingtoneDisguiseView.swift in Sources */,
				B4ED244091544ED3F9E5F476 /* RingtoneExporter.swift in Sources */,
				30CF1BD0AF300884CF55328D /* RingtoneSharePresenter.swift in Sources */,
				A83A9558500EF1F623A00951 /* SettingsView.swift in Sources */,
				CC20F35DDD0E7784082D0FD7 /* SetupView.swift in Sources */,
				B2405E6BF1DE51476D97C69F /* SharePerformFlow.swift in Sources */,
				1382BAB7BC9D069605252703 /* SilentShortcut.swift in Sources */,
				9859991404C830797C7B4062 /* SilentShortcutCard.swift in Sources */,
				2826965C4287D1C90DFB1C1C /* SilentShortcutStatusRow.swift in Sources */,
				7BA36D68D4A7708928889CA2 /* SongInputStrip.swift in Sources */,
				BBFF503A2A2C25749054043F /* SongLibrarySection.swift in Sources */,
				567203094B7B7CBAD29085F7 /* SongLibraryStore.swift in Sources */,
				128B2FC902A3063C29DBBCAB /* SongPicker.swift in Sources */,
				0C13519901D4C9A57CFA2E01 /* SpectatorWordContactService.swift in Sources */,
				24E7F1F82A624CBD51EE706F /* SpectatorWordPicker.swift in Sources */,
				A4614B1A536192430CFD5A9C /* StageView.swift in Sources */,
				4C3EAD437CDD61E9E5E6DFE6 /* SystemVolume.swift in Sources */,
				D62EC45272208FCF763FED85 /* UIIllustrations.swift in Sources */,
				D02E775CDE9544B43A79D499 /* UIWindow+MagicCall.swift in Sources */,
				424BC87CA51E4E2654D834A4 /* UnifiedPerformanceModeCard.swift in Sources */,
				F33C5A446182609089F4C384 /* VoiceInputCard.swift in Sources */,
				1050B2B05B2960E836279D3F /* VoiceListenPlan.swift in Sources */,
				9978DE3738110CE3E511178A /* VoiceLockingControls.swift in Sources */,
				C34E419E549DB769DE5D3716 /* VoiceOpenAILanguages.swift in Sources */,
				F1A3FA0C9C18CB407A3B9F19 /* VoiceOpenAIPreflight.swift in Sources */,
				F31464D57BF9700BFD4B2325 /* VoiceSettings.swift in Sources */,
				BAE78790890F3890D985AE32 /* VoiceSongSession.swift in Sources */,
				C04371F3C53F5F34E65FDDEE /* WordApiCallerBannerPreview.swift in Sources */,
				6DE487B3B435779601483AE7 /* WordApiContactPerformGate.swift in Sources */,
				DB0E5A96FCA973B7D2BCC881 /* WordApiContactShowState.swift in Sources */,
				79A6D11314BCCBFFEEE06502 /* WordApiContactViews.swift in Sources */,
				9CAF4275C647D0F5AA7516BE /* WordApiInputPanel.swift in Sources */,
				8EE3FDC0948FC9B790A9AACA /* WordApiSession.swift in Sources */,
				CFEA5F4AADB2A23B17F7A0AA /* WordApiSettings.swift in Sources */,
				F69B4D4E4E7EAFF205C5D5EE /* WordApiSettingsView.swift in Sources */,
			);
			runOnlyForDeploymentPostprocessing = 0;
		};
		284917B1F321640129BAFF50 /* Sources */ = {
			isa = PBXSourcesBuildPhase;
			buildActionMask = 2147483647;
			files = (
				04589F2E27E1B78CBA422EB1 /* WordReadingTests.swift in Sources */,
			);
			runOnlyForDeploymentPostprocessing = 0;
		};
		AE677C4B0B88B7F6675EFC00 /* Sources */ = {
			isa = PBXSourcesBuildPhase;
			buildActionMask = 2147483647;
			files = (
				5F744D7B2556CEE6C1CC4C40 /* LiveCallerLookupExtension.swift in Sources */,
			);
			runOnlyForDeploymentPostprocessing = 0;
		};
		F10A0085EC29F9D99B799EF2 /* Sources */ = {
			isa = PBXSourcesBuildPhase;
			buildActionMask = 2147483647;
			files = (
				AB7729E678C83A31F271AA5A /* CallDirectoryHandler.swift in Sources */,
				AA896F28F1DE55B5ADD30F50 /* CallerLabelStore.swift in Sources */,
			);
			runOnlyForDeploymentPostprocessing = 0;
		};
/* End PBXSourcesBuildPhase section */

/* Begin PBXTargetDependency section */
		0D5B3E7A3B6A658901D1DC3B /* PBXTargetDependency */ = {
			isa = PBXTargetDependency;
			target = 505AFC5C4964632A09807C63 /* MagicCall */;
			targetProxy = 6D73A73BF899D3C37A089FA4 /* PBXContainerItemProxy */;
		};
		9DC551D9BCC98778E3A68A23 /* PBXTargetDependency */ = {
			isa = PBXTargetDependency;
			target = 82F6CE481CE82E38A1293AAC /* MagicCallCallDirectory */;
			targetProxy = 9B1E1AB0EE2626E2FCD99D85 /* PBXContainerItemProxy */;
		};
		C81FCD1EAA02D25E33BE72D2 /* PBXTargetDependency */ = {
			isa = PBXTargetDependency;
			target = F4C7E9F38150AFC8D5BBD590 /* MagicCallLiveCallerLookup */;
			targetProxy = 22668C6A8ED151B1AA38EFAC /* PBXContainerItemProxy */;
		};
/* End PBXTargetDependency section */

/* Begin XCBuildConfiguration section */
		04951A1C128BE1AFDB6B35D4 /* Release */ = {
			isa = XCBuildConfiguration;
			buildSettings = {
				ALWAYS_SEARCH_USER_PATHS = NO;
				CLANG_ANALYZER_NONNULL = YES;
				CLANG_ANALYZER_NUMBER_OBJECT_CONVERSION = YES_AGGRESSIVE;
				CLANG_CXX_LANGUAGE_STANDARD = "gnu++14";
				CLANG_CXX_LIBRARY = "libc++";
				CLANG_ENABLE_MODULES = YES;
				CLANG_ENABLE_OBJC_ARC = YES;
				CLANG_ENABLE_OBJC_WEAK = YES;
				CLANG_WARN_BLOCK_CAPTURE_AUTORELEASING = YES;
				CLANG_WARN_BOOL_CONVERSION = YES;
				CLANG_WARN_COMMA = YES;
				CLANG_WARN_CONSTANT_CONVERSION = YES;
				CLANG_WARN_DEPRECATED_OBJC_IMPLEMENTATIONS = YES;
				CLANG_WARN_DIRECT_OBJC_ISA_USAGE = YES_ERROR;
				CLANG_WARN_DOCUMENTATION_COMMENTS = YES;
				CLANG_WARN_EMPTY_BODY = YES;
				CLANG_WARN_ENUM_CONVERSION = YES;
				CLANG_WARN_INFINITE_RECURSION = YES;
				CLANG_WARN_INT_CONVERSION = YES;
				CLANG_WARN_NON_LITERAL_NULL_CONVERSION = YES;
				CLANG_WARN_OBJC_IMPLICIT_RETAIN_SELF = YES;
				CLANG_WARN_OBJC_LITERAL_CONVERSION = YES;
				CLANG_WARN_OBJC_ROOT_CLASS = YES_ERROR;
				CLANG_WARN_QUOTED_INCLUDE_IN_FRAMEWORK_HEADER = YES;
				CLANG_WARN_RANGE_LOOP_ANALYSIS = YES;
				CLANG_WARN_STRICT_PROTOTYPES = YES;
				CLANG_WARN_SUSPICIOUS_MOVE = YES;
				CLANG_WARN_UNGUARDED_AVAILABILITY = YES_AGGRESSIVE;
				CLANG_WARN_UNREACHABLE_CODE = YES;
				CLANG_WARN__DUPLICATE_METHOD_MATCH = YES;
				CODE_SIGN_STYLE = Automatic;
				COPY_PHASE_STRIP = NO;
				CURRENT_PROJECT_VERSION = 105;
				DEBUG_INFORMATION_FORMAT = "dwarf-with-dsym";
				DEVELOPMENT_TEAM = 6XSHKM2M34;
				ENABLE_NS_ASSERTIONS = NO;
				ENABLE_STRICT_OBJC_MSGSEND = YES;
				GCC_C_LANGUAGE_STANDARD = gnu11;
				GCC_NO_COMMON_BLOCKS = YES;
				GCC_WARN_64_TO_32_BIT_CONVERSION = YES;
				GCC_WARN_ABOUT_RETURN_TYPE = YES_ERROR;
				GCC_WARN_UNDECLARED_SELECTOR = YES;
				GCC_WARN_UNINITIALIZED_AUTOS = YES_AGGRESSIVE;
				GCC_WARN_UNUSED_FUNCTION = YES;
				GCC_WARN_UNUSED_VARIABLE = YES;
				IPHONEOS_DEPLOYMENT_TARGET = 17.0;
				MARKETING_VERSION = 0.1.0;
				MTL_ENABLE_DEBUG_INFO = NO;
				MTL_FAST_MATH = YES;
				PRODUCT_NAME = "$(TARGET_NAME)";
				SDKROOT = iphoneos;
				SWIFT_COMPILATION_MODE = wholemodule;
				SWIFT_OPTIMIZATION_LEVEL = "-O";
				SWIFT_STRICT_CONCURRENCY = minimal;
				SWIFT_VERSION = 5.0;
				TARGETED_DEVICE_FAMILY = 1;
			};
			name = Release;
		};
		101546EA475805CBA26E1001 /* AppStore */ = {
			isa = XCBuildConfiguration;
			buildSettings = {
				CODE_SIGN_ENTITLEMENTS = MagicCallCallDirectory/MagicCallCallDirectory.entitlements;
				INFOPLIST_FILE = MagicCallCallDirectory/Info.plist;
				LD_RUNPATH_SEARCH_PATHS = "$(inherited) @executable_path/Frameworks @executable_path/../../Frameworks";
				PRODUCT_BUNDLE_IDENTIFIER = com.nelson.tono.CallDirectory;
				SDKROOT = iphoneos;
				SKIP_INSTALL = YES;
				TARGETED_DEVICE_FAMILY = "1,2";
			};
			name = AppStore;
		};
		15829CDE4B03E3AF804E6257 /* TestFlight */ = {
			isa = XCBuildConfiguration;
			buildSettings = {
				ALWAYS_SEARCH_USER_PATHS = NO;
				CLANG_ANALYZER_NONNULL = YES;
				CLANG_ANALYZER_NUMBER_OBJECT_CONVERSION = YES_AGGRESSIVE;
				CLANG_CXX_LANGUAGE_STANDARD = "gnu++14";
				CLANG_CXX_LIBRARY = "libc++";
				CLANG_ENABLE_MODULES = YES;
				CLANG_ENABLE_OBJC_ARC = YES;
				CLANG_ENABLE_OBJC_WEAK = YES;
				CLANG_WARN_BLOCK_CAPTURE_AUTORELEASING = YES;
				CLANG_WARN_BOOL_CONVERSION = YES;
				CLANG_WARN_COMMA = YES;
				CLANG_WARN_CONSTANT_CONVERSION = YES;
				CLANG_WARN_DEPRECATED_OBJC_IMPLEMENTATIONS = YES;
				CLANG_WARN_DIRECT_OBJC_ISA_USAGE = YES_ERROR;
				CLANG_WARN_DOCUMENTATION_COMMENTS = YES;
				CLANG_WARN_EMPTY_BODY = YES;
				CLANG_WARN_ENUM_CONVERSION = YES;
				CLANG_WARN_INFINITE_RECURSION = YES;
				CLANG_WARN_INT_CONVERSION = YES;
				CLANG_WARN_NON_LITERAL_NULL_CONVERSION = YES;
				CLANG_WARN_OBJC_IMPLICIT_RETAIN_SELF = YES;
				CLANG_WARN_OBJC_LITERAL_CONVERSION = YES;
				CLANG_WARN_OBJC_ROOT_CLASS = YES_ERROR;
				CLANG_WARN_QUOTED_INCLUDE_IN_FRAMEWORK_HEADER = YES;
				CLANG_WARN_RANGE_LOOP_ANALYSIS = YES;
				CLANG_WARN_STRICT_PROTOTYPES = YES;
				CLANG_WARN_SUSPICIOUS_MOVE = YES;
				CLANG_WARN_UNGUARDED_AVAILABILITY = YES_AGGRESSIVE;
				CLANG_WARN_UNREACHABLE_CODE = YES;
				CLANG_WARN__DUPLICATE_METHOD_MATCH = YES;
				CODE_SIGN_STYLE = Automatic;
				COPY_PHASE_STRIP = NO;
				CURRENT_PROJECT_VERSION = 105;
				DEBUG_INFORMATION_FORMAT = "dwarf-with-dsym";
				DEVELOPMENT_TEAM = 6XSHKM2M34;
				ENABLE_NS_ASSERTIONS = NO;
				ENABLE_STRICT_OBJC_MSGSEND = YES;
				GCC_C_LANGUAGE_STANDARD = gnu11;
				GCC_NO_COMMON_BLOCKS = YES;
				GCC_WARN_64_TO_32_BIT_CONVERSION = YES;
				GCC_WARN_ABOUT_RETURN_TYPE = YES_ERROR;
				GCC_WARN_UNDECLARED_SELECTOR = YES;
				GCC_WARN_UNINITIALIZED_AUTOS = YES_AGGRESSIVE;
				GCC_WARN_UNUSED_FUNCTION = YES;
				GCC_WARN_UNUSED_VARIABLE = YES;
				IPHONEOS_DEPLOYMENT_TARGET = 17.0;
				MARKETING_VERSION = 0.1.0;
				MTL_ENABLE_DEBUG_INFO = NO;
				MTL_FAST_MATH = YES;
				PRODUCT_NAME = "$(TARGET_NAME)";
				SDKROOT = iphoneos;
				SWIFT_COMPILATION_MODE = wholemodule;
				SWIFT_OPTIMIZATION_LEVEL = "-O";
				SWIFT_STRICT_CONCURRENCY = minimal;
				SWIFT_VERSION = 5.0;
				TARGETED_DEVICE_FAMILY = 1;
			};
			name = TestFlight;
		};
		1FF8D50692D5E6DDF1734ECE /* TestFlight */ = {
			isa = XCBuildConfiguration;
			buildSettings = {
				BUNDLE_LOADER = "$(TEST_HOST)";
				GENERATE_INFOPLIST_FILE = YES;
				LD_RUNPATH_SEARCH_PATHS = (
					"$(inherited)",
					"@executable_path/Frameworks",
					"@loader_path/Frameworks",
				);
				PRODUCT_BUNDLE_IDENTIFIER = com.nelson.tono.tests;
				SDKROOT = iphoneos;
				TARGETED_DEVICE_FAMILY = "1,2";
				TEST_HOST = "$(BUILT_PRODUCTS_DIR)/MagicCall.app/$(BUNDLE_EXECUTABLE_FOLDER_PATH)/MagicCall";
			};
			name = TestFlight;
		};
		3B0D817F36E4A6F878F2F94E /* AppStore */ = {
			isa = XCBuildConfiguration;
			buildSettings = {
				BUNDLE_LOADER = "$(TEST_HOST)";
				GENERATE_INFOPLIST_FILE = YES;
				LD_RUNPATH_SEARCH_PATHS = (
					"$(inherited)",
					"@executable_path/Frameworks",
					"@loader_path/Frameworks",
				);
				PRODUCT_BUNDLE_IDENTIFIER = com.nelson.tono.tests;
				SDKROOT = iphoneos;
				TARGETED_DEVICE_FAMILY = "1,2";
				TEST_HOST = "$(BUILT_PRODUCTS_DIR)/MagicCall.app/$(BUNDLE_EXECUTABLE_FOLDER_PATH)/MagicCall";
			};
			name = AppStore;
		};
		3E57761124FADD870CD85A36 /* TestFlight */ = {
			isa = XCBuildConfiguration;
			buildSettings = {
				CODE_SIGN_ENTITLEMENTS = MagicCallLiveCallerLookup/MagicCallLiveCallerLookup.entitlements;
				INFOPLIST_FILE = MagicCallLiveCallerLookup/Info.plist;
				IPHONEOS_DEPLOYMENT_TARGET = 18.0;
				LD_RUNPATH_SEARCH_PATHS = "$(inherited) @executable_path/Frameworks @executable_path/../../Frameworks";
				PRODUCT_BUNDLE_IDENTIFIER = com.nelson.tono.LiveCallerLookup;
				SDKROOT = iphoneos;
				SKIP_INSTALL = YES;
				TARGETED_DEVICE_FAMILY = "1,2";
			};
			name = TestFlight;
		};
		483458F68ECB6A459965BDF9 /* AppStore */ = {
			isa = XCBuildConfiguration;
			buildSettings = {
				ASSETCATALOG_COMPILER_APPICON_NAME = AppIcon;
				ASSETCATALOG_COMPILER_GLOBAL_ACCENT_COLOR_NAME = AccentColor;
				CODE_SIGN_ENTITLEMENTS = MagicCall/MagicCall.entitlements;
				CODE_SIGN_IDENTITY = "iPhone Developer";
				ENABLE_PREVIEWS = YES;
				GENERATE_INFOPLIST_FILE = NO;
				INFOPLIST_FILE = MagicCall/Resources/Info.plist;
				INFOPLIST_KEY_CFBundleDevelopmentRegion = en;
				INFOPLIST_KEY_CFBundleDisplayName = MindtoneX;
				LD_RUNPATH_SEARCH_PATHS = (
					"$(inherited)",
					"@executable_path/Frameworks",
				);
				PRODUCT_BUNDLE_IDENTIFIER = com.nelson.tono;
				PRODUCT_NAME = MagicCall;
				SDKROOT = iphoneos;
				SUPPORTS_MACCATALYST = NO;
				SUPPORTS_MAC_DESIGNED_FOR_IPHONE_IPAD = NO;
				SWIFT_ACTIVE_COMPILATION_CONDITIONS = "";
				SWIFT_OBJC_BRIDGING_HEADER = "MagicCall/Sources/Support/MagicCall-Bridging-Header.h";
				TARGETED_DEVICE_FAMILY = "1,2";
			};
			name = AppStore;
		};
		4F0C4B681B88A5B31A80C6E9 /* AppStore */ = {
			isa = XCBuildConfiguration;
			buildSettings = {
				CODE_SIGN_ENTITLEMENTS = MagicCallLiveCallerLookup/MagicCallLiveCallerLookup.entitlements;
				INFOPLIST_FILE = MagicCallLiveCallerLookup/Info.plist;
				IPHONEOS_DEPLOYMENT_TARGET = 18.0;
				LD_RUNPATH_SEARCH_PATHS = "$(inherited) @executable_path/Frameworks @executable_path/../../Frameworks";
				PRODUCT_BUNDLE_IDENTIFIER = com.nelson.tono.LiveCallerLookup;
				SDKROOT = iphoneos;
				SKIP_INSTALL = YES;
				TARGETED_DEVICE_FAMILY = "1,2";
			};
			name = AppStore;
		};
		527CC9F22CDF9C7D1BE3ADD9 /* TestFlight */ = {
			isa = XCBuildConfiguration;
			buildSettings = {
				CODE_SIGN_ENTITLEMENTS = MagicCallCallDirectory/MagicCallCallDirectory.entitlements;
				INFOPLIST_FILE = MagicCallCallDirectory/Info.plist;
				LD_RUNPATH_SEARCH_PATHS = "$(inherited) @executable_path/Frameworks @executable_path/../../Frameworks";
				PRODUCT_BUNDLE_IDENTIFIER = com.nelson.tono.CallDirectory;
				SDKROOT = iphoneos;
				SKIP_INSTALL = YES;
				TARGETED_DEVICE_FAMILY = "1,2";
			};
			name = TestFlight;
		};
		547F9BB21F6A8671E2A11B34 /* Release */ = {
			isa = XCBuildConfiguration;
			buildSettings = {
				CODE_SIGN_ENTITLEMENTS = MagicCallLiveCallerLookup/MagicCallLiveCallerLookup.entitlements;
				INFOPLIST_FILE = MagicCallLiveCallerLookup/Info.plist;
				IPHONEOS_DEPLOYMENT_TARGET = 18.0;
				LD_RUNPATH_SEARCH_PATHS = "$(inherited) @executable_path/Frameworks @executable_path/../../Frameworks";
				PRODUCT_BUNDLE_IDENTIFIER = com.nelson.tono.LiveCallerLookup;
				SDKROOT = iphoneos;
				SKIP_INSTALL = YES;
				TARGETED_DEVICE_FAMILY = "1,2";
			};
			name = Release;
		};
		54DC5EFBD31BC7243038A165 /* Debug */ = {
			isa = XCBuildConfiguration;
			buildSettings = {
				ALWAYS_SEARCH_USER_PATHS = NO;
				CLANG_ANALYZER_NONNULL = YES;
				CLANG_ANALYZER_NUMBER_OBJECT_CONVERSION = YES_AGGRESSIVE;
				CLANG_CXX_LANGUAGE_STANDARD = "gnu++14";
				CLANG_CXX_LIBRARY = "libc++";
				CLANG_ENABLE_MODULES = YES;
				CLANG_ENABLE_OBJC_ARC = YES;
				CLANG_ENABLE_OBJC_WEAK = YES;
				CLANG_WARN_BLOCK_CAPTURE_AUTORELEASING = YES;
				CLANG_WARN_BOOL_CONVERSION = YES;
				CLANG_WARN_COMMA = YES;
				CLANG_WARN_CONSTANT_CONVERSION = YES;
				CLANG_WARN_DEPRECATED_OBJC_IMPLEMENTATIONS = YES;
				CLANG_WARN_DIRECT_OBJC_ISA_USAGE = YES_ERROR;
				CLANG_WARN_DOCUMENTATION_COMMENTS = YES;
				CLANG_WARN_EMPTY_BODY = YES;
				CLANG_WARN_ENUM_CONVERSION = YES;
				CLANG_WARN_INFINITE_RECURSION = YES;
				CLANG_WARN_INT_CONVERSION = YES;
				CLANG_WARN_NON_LITERAL_NULL_CONVERSION = YES;
				CLANG_WARN_OBJC_IMPLICIT_RETAIN_SELF = YES;
				CLANG_WARN_OBJC_LITERAL_CONVERSION = YES;
				CLANG_WARN_OBJC_ROOT_CLASS = YES_ERROR;
				CLANG_WARN_QUOTED_INCLUDE_IN_FRAMEWORK_HEADER = YES;
				CLANG_WARN_RANGE_LOOP_ANALYSIS = YES;
				CLANG_WARN_STRICT_PROTOTYPES = YES;
				CLANG_WARN_SUSPICIOUS_MOVE = YES;
				CLANG_WARN_UNGUARDED_AVAILABILITY = YES_AGGRESSIVE;
				CLANG_WARN_UNREACHABLE_CODE = YES;
				CLANG_WARN__DUPLICATE_METHOD_MATCH = YES;
				CODE_SIGN_STYLE = Automatic;
				COPY_PHASE_STRIP = NO;
				CURRENT_PROJECT_VERSION = 105;
				DEBUG_INFORMATION_FORMAT = dwarf;
				DEVELOPMENT_TEAM = 6XSHKM2M34;
				ENABLE_STRICT_OBJC_MSGSEND = YES;
				ENABLE_TESTABILITY = YES;
				GCC_C_LANGUAGE_STANDARD = gnu11;
				GCC_DYNAMIC_NO_PIC = NO;
				GCC_NO_COMMON_BLOCKS = YES;
				GCC_OPTIMIZATION_LEVEL = 0;
				GCC_PREPROCESSOR_DEFINITIONS = (
					"$(inherited)",
					"DEBUG=1",
				);
				GCC_WARN_64_TO_32_BIT_CONVERSION = YES;
				GCC_WARN_ABOUT_RETURN_TYPE = YES_ERROR;
				GCC_WARN_UNDECLARED_SELECTOR = YES;
				GCC_WARN_UNINITIALIZED_AUTOS = YES_AGGRESSIVE;
				GCC_WARN_UNUSED_FUNCTION = YES;
				GCC_WARN_UNUSED_VARIABLE = YES;
				IPHONEOS_DEPLOYMENT_TARGET = 17.0;
				MARKETING_VERSION = 0.1.0;
				MTL_ENABLE_DEBUG_INFO = INCLUDE_SOURCE;
				MTL_FAST_MATH = YES;
				ONLY_ACTIVE_ARCH = YES;
				PRODUCT_NAME = "$(TARGET_NAME)";
				SDKROOT = iphoneos;
				SWIFT_ACTIVE_COMPILATION_CONDITIONS = DEBUG;
				SWIFT_OPTIMIZATION_LEVEL = "-Onone";
				SWIFT_STRICT_CONCURRENCY = minimal;
				SWIFT_VERSION = 5.0;
				TARGETED_DEVICE_FAMILY = 1;
			};
			name = Debug;
		};
		55E4037DD185E38250CF68F2 /* Debug */ = {
			isa = XCBuildConfiguration;
			buildSettings = {
				CODE_SIGN_ENTITLEMENTS = MagicCallLiveCallerLookup/MagicCallLiveCallerLookup.entitlements;
				INFOPLIST_FILE = MagicCallLiveCallerLookup/Info.plist;
				IPHONEOS_DEPLOYMENT_TARGET = 18.0;
				LD_RUNPATH_SEARCH_PATHS = "$(inherited) @executable_path/Frameworks @executable_path/../../Frameworks";
				PRODUCT_BUNDLE_IDENTIFIER = com.nelson.tono.LiveCallerLookup;
				SDKROOT = iphoneos;
				SKIP_INSTALL = YES;
				TARGETED_DEVICE_FAMILY = "1,2";
			};
			name = Debug;
		};
		7920438BA1CC7B333D6F0DD2 /* Release */ = {
			isa = XCBuildConfiguration;
			buildSettings = {
				BUNDLE_LOADER = "$(TEST_HOST)";
				GENERATE_INFOPLIST_FILE = YES;
				LD_RUNPATH_SEARCH_PATHS = (
					"$(inherited)",
					"@executable_path/Frameworks",
					"@loader_path/Frameworks",
				);
				PRODUCT_BUNDLE_IDENTIFIER = com.nelson.tono.tests;
				SDKROOT = iphoneos;
				TARGETED_DEVICE_FAMILY = "1,2";
				TEST_HOST = "$(BUILT_PRODUCTS_DIR)/MagicCall.app/$(BUNDLE_EXECUTABLE_FOLDER_PATH)/MagicCall";
			};
			name = Release;
		};
		7CEA86A5FA0315FF823FD5F5 /* Release */ = {
			isa = XCBuildConfiguration;
			buildSettings = {
				ASSETCATALOG_COMPILER_APPICON_NAME = AppIcon;
				ASSETCATALOG_COMPILER_GLOBAL_ACCENT_COLOR_NAME = AccentColor;
				CODE_SIGN_ENTITLEMENTS = MagicCall/MagicCall.entitlements;
				CODE_SIGN_IDENTITY = "iPhone Developer";
				ENABLE_PREVIEWS = YES;
				GENERATE_INFOPLIST_FILE = NO;
				INFOPLIST_FILE = MagicCall/Resources/Info.plist;
				INFOPLIST_KEY_CFBundleDevelopmentRegion = en;
				INFOPLIST_KEY_CFBundleDisplayName = MindtoneX;
				LD_RUNPATH_SEARCH_PATHS = (
					"$(inherited)",
					"@executable_path/Frameworks",
				);
				PRODUCT_BUNDLE_IDENTIFIER = com.nelson.tono;
				PRODUCT_NAME = MagicCall;
				SDKROOT = iphoneos;
				SUPPORTS_MACCATALYST = NO;
				SUPPORTS_MAC_DESIGNED_FOR_IPHONE_IPAD = NO;
				SWIFT_ACTIVE_COMPILATION_CONDITIONS = "";
				SWIFT_OBJC_BRIDGING_HEADER = "MagicCall/Sources/Support/MagicCall-Bridging-Header.h";
				TARGETED_DEVICE_FAMILY = "1,2";
			};
			name = Release;
		};
		809D87E9AF36B11CD2DDC9C9 /* Debug */ = {
			isa = XCBuildConfiguration;
			buildSettings = {
				CODE_SIGN_ENTITLEMENTS = MagicCallCallDirectory/MagicCallCallDirectory.entitlements;
				INFOPLIST_FILE = MagicCallCallDirectory/Info.plist;
				LD_RUNPATH_SEARCH_PATHS = "$(inherited) @executable_path/Frameworks @executable_path/../../Frameworks";
				PRODUCT_BUNDLE_IDENTIFIER = com.nelson.tono.CallDirectory;
				SDKROOT = iphoneos;
				SKIP_INSTALL = YES;
				TARGETED_DEVICE_FAMILY = "1,2";
			};
			name = Debug;
		};
		8968DB29ABA211341A9DB38A /* AppStore */ = {
			isa = XCBuildConfiguration;
			buildSettings = {
				ALWAYS_SEARCH_USER_PATHS = NO;
				CLANG_ANALYZER_NONNULL = YES;
				CLANG_ANALYZER_NUMBER_OBJECT_CONVERSION = YES_AGGRESSIVE;
				CLANG_CXX_LANGUAGE_STANDARD = "gnu++14";
				CLANG_CXX_LIBRARY = "libc++";
				CLANG_ENABLE_MODULES = YES;
				CLANG_ENABLE_OBJC_ARC = YES;
				CLANG_ENABLE_OBJC_WEAK = YES;
				CLANG_WARN_BLOCK_CAPTURE_AUTORELEASING = YES;
				CLANG_WARN_BOOL_CONVERSION = YES;
				CLANG_WARN_COMMA = YES;
				CLANG_WARN_CONSTANT_CONVERSION = YES;
				CLANG_WARN_DEPRECATED_OBJC_IMPLEMENTATIONS = YES;
				CLANG_WARN_DIRECT_OBJC_ISA_USAGE = YES_ERROR;
				CLANG_WARN_DOCUMENTATION_COMMENTS = YES;
				CLANG_WARN_EMPTY_BODY = YES;
				CLANG_WARN_ENUM_CONVERSION = YES;
				CLANG_WARN_INFINITE_RECURSION = YES;
				CLANG_WARN_INT_CONVERSION = YES;
				CLANG_WARN_NON_LITERAL_NULL_CONVERSION = YES;
				CLANG_WARN_OBJC_IMPLICIT_RETAIN_SELF = YES;
				CLANG_WARN_OBJC_LITERAL_CONVERSION = YES;
				CLANG_WARN_OBJC_ROOT_CLASS = YES_ERROR;
				CLANG_WARN_QUOTED_INCLUDE_IN_FRAMEWORK_HEADER = YES;
				CLANG_WARN_RANGE_LOOP_ANALYSIS = YES;
				CLANG_WARN_STRICT_PROTOTYPES = YES;
				CLANG_WARN_SUSPICIOUS_MOVE = YES;
				CLANG_WARN_UNGUARDED_AVAILABILITY = YES_AGGRESSIVE;
				CLANG_WARN_UNREACHABLE_CODE = YES;
				CLANG_WARN__DUPLICATE_METHOD_MATCH = YES;
				CODE_SIGN_STYLE = Automatic;
				COPY_PHASE_STRIP = NO;
				CURRENT_PROJECT_VERSION = 105;
				DEBUG_INFORMATION_FORMAT = "dwarf-with-dsym";
				DEVELOPMENT_TEAM = 6XSHKM2M34;
				ENABLE_NS_ASSERTIONS = NO;
				ENABLE_STRICT_OBJC_MSGSEND = YES;
				GCC_C_LANGUAGE_STANDARD = gnu11;
				GCC_NO_COMMON_BLOCKS = YES;
				GCC_WARN_64_TO_32_BIT_CONVERSION = YES;
				GCC_WARN_ABOUT_RETURN_TYPE = YES_ERROR;
				GCC_WARN_UNDECLARED_SELECTOR = YES;
				GCC_WARN_UNINITIALIZED_AUTOS = YES_AGGRESSIVE;
				GCC_WARN_UNUSED_FUNCTION = YES;
				GCC_WARN_UNUSED_VARIABLE = YES;
				IPHONEOS_DEPLOYMENT_TARGET = 17.0;
				MARKETING_VERSION = 0.1.0;
				MTL_ENABLE_DEBUG_INFO = NO;
				MTL_FAST_MATH = YES;
				PRODUCT_NAME = "$(TARGET_NAME)";
				SDKROOT = iphoneos;
				SWIFT_COMPILATION_MODE = wholemodule;
				SWIFT_OPTIMIZATION_LEVEL = "-O";
				SWIFT_STRICT_CONCURRENCY = minimal;
				SWIFT_VERSION = 5.0;
				TARGETED_DEVICE_FAMILY = 1;
			};
			name = AppStore;
		};
		9A9984142BF3C68607D27496 /* Debug */ = {
			isa = XCBuildConfiguration;
			buildSettings = {
				ASSETCATALOG_COMPILER_APPICON_NAME = AppIcon;
				ASSETCATALOG_COMPILER_GLOBAL_ACCENT_COLOR_NAME = AccentColor;
				CODE_SIGN_ENTITLEMENTS = MagicCall/MagicCall.entitlements;
				CODE_SIGN_IDENTITY = "iPhone Developer";
				ENABLE_PREVIEWS = YES;
				ENABLE_TESTABILITY = YES;
				GENERATE_INFOPLIST_FILE = NO;
				INFOPLIST_FILE = MagicCall/Resources/Info.plist;
				INFOPLIST_KEY_CFBundleDevelopmentRegion = en;
				INFOPLIST_KEY_CFBundleDisplayName = MindtoneX;
				LD_RUNPATH_SEARCH_PATHS = (
					"$(inherited)",
					"@executable_path/Frameworks",
				);
				PRODUCT_BUNDLE_IDENTIFIER = com.nelson.tono;
				PRODUCT_NAME = MagicCall;
				SDKROOT = iphoneos;
				SUPPORTS_MACCATALYST = NO;
				SUPPORTS_MAC_DESIGNED_FOR_IPHONE_IPAD = NO;
				SWIFT_ACTIVE_COMPILATION_CONDITIONS = "DEBUG MAGIC_PRIVATE_PROBES";
				SWIFT_OBJC_BRIDGING_HEADER = "MagicCall/Sources/Support/MagicCall-Bridging-Header.h";
				TARGETED_DEVICE_FAMILY = "1,2";
			};
			name = Debug;
		};
		A03651D09C32792567204B45 /* Debug */ = {
			isa = XCBuildConfiguration;
			buildSettings = {
				BUNDLE_LOADER = "$(TEST_HOST)";
				GENERATE_INFOPLIST_FILE = YES;
				LD_RUNPATH_SEARCH_PATHS = (
					"$(inherited)",
					"@executable_path/Frameworks",
					"@loader_path/Frameworks",
				);
				PRODUCT_BUNDLE_IDENTIFIER = com.nelson.tono.tests;
				SDKROOT = iphoneos;
				TARGETED_DEVICE_FAMILY = "1,2";
				TEST_HOST = "$(BUILT_PRODUCTS_DIR)/MagicCall.app/$(BUNDLE_EXECUTABLE_FOLDER_PATH)/MagicCall";
			};
			name = Debug;
		};
		DC42BCBD9236E9D4DB5126E5 /* TestFlight */ = {
			isa = XCBuildConfiguration;
			buildSettings = {
				ASSETCATALOG_COMPILER_APPICON_NAME = AppIcon;
				ASSETCATALOG_COMPILER_GLOBAL_ACCENT_COLOR_NAME = AccentColor;
				CODE_SIGN_ENTITLEMENTS = MagicCall/MagicCall.entitlements;
				CODE_SIGN_IDENTITY = "iPhone Developer";
				ENABLE_PREVIEWS = YES;
				GENERATE_INFOPLIST_FILE = NO;
				INFOPLIST_FILE = MagicCall/Resources/Info.plist;
				INFOPLIST_KEY_CFBundleDevelopmentRegion = en;
				INFOPLIST_KEY_CFBundleDisplayName = MindtoneX;
				LD_RUNPATH_SEARCH_PATHS = (
					"$(inherited)",
					"@executable_path/Frameworks",
				);
				PRODUCT_BUNDLE_IDENTIFIER = com.nelson.tono;
				PRODUCT_NAME = MagicCall;
				SDKROOT = iphoneos;
				SUPPORTS_MACCATALYST = NO;
				SUPPORTS_MAC_DESIGNED_FOR_IPHONE_IPAD = NO;
				SWIFT_ACTIVE_COMPILATION_CONDITIONS = MAGIC_PRIVATE_PROBES;
				SWIFT_OBJC_BRIDGING_HEADER = "MagicCall/Sources/Support/MagicCall-Bridging-Header.h";
				TARGETED_DEVICE_FAMILY = "1,2";
			};
			name = TestFlight;
		};
		F9C97C154FD3B6A107C9C6AB /* Release */ = {
			isa = XCBuildConfiguration;
			buildSettings = {
				CODE_SIGN_ENTITLEMENTS = MagicCallCallDirectory/MagicCallCallDirectory.entitlements;
				INFOPLIST_FILE = MagicCallCallDirectory/Info.plist;
				LD_RUNPATH_SEARCH_PATHS = "$(inherited) @executable_path/Frameworks @executable_path/../../Frameworks";
				PRODUCT_BUNDLE_IDENTIFIER = com.nelson.tono.CallDirectory;
				SDKROOT = iphoneos;
				SKIP_INSTALL = YES;
				TARGETED_DEVICE_FAMILY = "1,2";
			};
			name = Release;
		};
/* End XCBuildConfiguration section */

/* Begin XCConfigurationList section */
		16D13528AD7E9DF46E6B5C6D /* Build configuration list for PBXNativeTarget "MagicCallCallDirectory" */ = {
			isa = XCConfigurationList;
			buildConfigurations = (
				101546EA475805CBA26E1001 /* AppStore */,
				809D87E9AF36B11CD2DDC9C9 /* Debug */,
				F9C97C154FD3B6A107C9C6AB /* Release */,
				527CC9F22CDF9C7D1BE3ADD9 /* TestFlight */,
			);
			defaultConfigurationIsVisible = 0;
			defaultConfigurationName = AppStore;
		};
		52DFC4578C04F32330F6F2FF /* Build configuration list for PBXNativeTarget "MagicCallLiveCallerLookup" */ = {
			isa = XCConfigurationList;
			buildConfigurations = (
				4F0C4B681B88A5B31A80C6E9 /* AppStore */,
				55E4037DD185E38250CF68F2 /* Debug */,
				547F9BB21F6A8671E2A11B34 /* Release */,
				3E57761124FADD870CD85A36 /* TestFlight */,
			);
			defaultConfigurationIsVisible = 0;
			defaultConfigurationName = AppStore;
		};
		72BFE609F2870A138A133383 /* Build configuration list for PBXProject "MagicCall" */ = {
			isa = XCConfigurationList;
			buildConfigurations = (
				8968DB29ABA211341A9DB38A /* AppStore */,
				54DC5EFBD31BC7243038A165 /* Debug */,
				04951A1C128BE1AFDB6B35D4 /* Release */,
				15829CDE4B03E3AF804E6257 /* TestFlight */,
			);
			defaultConfigurationIsVisible = 0;
			defaultConfigurationName = AppStore;
		};
		95F4F9C622AC79580EE59937 /* Build configuration list for PBXNativeTarget "MagicCallTests" */ = {
			isa = XCConfigurationList;
			buildConfigurations = (
				3B0D817F36E4A6F878F2F94E /* AppStore */,
				A03651D09C32792567204B45 /* Debug */,
				7920438BA1CC7B333D6F0DD2 /* Release */,
				1FF8D50692D5E6DDF1734ECE /* TestFlight */,
			);
			defaultConfigurationIsVisible = 0;
			defaultConfigurationName = AppStore;
		};
		F1369805F356A2D58B2D07EF /* Build configuration list for PBXNativeTarget "MagicCall" */ = {
			isa = XCConfigurationList;
			buildConfigurations = (
				483458F68ECB6A459965BDF9 /* AppStore */,
				9A9984142BF3C68607D27496 /* Debug */,
				7CEA86A5FA0315FF823FD5F5 /* Release */,
				DC42BCBD9236E9D4DB5126E5 /* TestFlight */,
			);
			defaultConfigurationIsVisible = 0;
			defaultConfigurationName = AppStore;
		};
/* End XCConfigurationList section */
	};
	rootObject = 15D6056134C49597EE1EDAA0 /* Project object */;
}
